// !$*UTF8*$!
{
	archiveVersion = 1;
	classes = {
	};
	objectVersion = 46;
	objects = {

/* Begin PBXBuildFile section */
		2DC078331F426CC1007425BF /* AppDelegate.swift in Sources */ = {isa = PBXBuildFile; fileRef = 2DC078321F426CC1007425BF /* AppDelegate.swift */; };
		2DC078351F426CC1007425BF /* ViewController.swift in Sources */ = {isa = PBXBuildFile; fileRef = 2DC078341F426CC1007425BF /* ViewController.swift */; };
		2DC078381F426CC1007425BF /* Main.storyboard in Resources */ = {isa = PBXBuildFile; fileRef = 2DC078361F426CC1007425BF /* Main.storyboard */; };
		2DC0783A1F426CC1007425BF /* Assets.xcassets in Resources */ = {isa = PBXBuildFile; fileRef = 2DC078391F426CC1007425BF /* Assets.xcassets */; };
		2DC0783D1F426CC1007425BF /* LaunchScreen.storyboard in Resources */ = {isa = PBXBuildFile; fileRef = 2DC0783B1F426CC1007425BF /* LaunchScreen.storyboard */; };
/* End PBXBuildFile section */

/* Begin PBXFileReference section */
		2DC0782F1F426CC1007425BF /* Restrictions.app */ = {isa = PBXFileReference; explicitFileType = wrapper.application; includeInIndex = 0; path = Restrictions.app; sourceTree = BUILT_PRODUCTS_DIR; };
		2DC078321F426CC1007425BF /* AppDelegate.swift */ = {isa = PBXFileReference; lastKnownFileType = sourcecode.swift; path = AppDelegate.swift; sourceTree = "<group>"; };
		2DC078341F426CC1007425BF /* ViewController.swift */ = {isa = PBXFileReference; lastKnownFileType = sourcecode.swift; path = ViewController.swift; sourceTree = "<group>"; };
		2DC078371F426CC1007425BF /* Base */ = {isa = PBXFileReference; lastKnownFileType = file.storyboard; name = Base; path = Base.lproj/Main.storyboard; sourceTree = "<group>"; };
		2DC078391F426CC1007425BF /* Assets.xcassets */ = {isa = PBXFileReference; lastKnownFileType = folder.assetcatalog; path = Assets.xcassets; sourceTree = "<group>"; };
		2DC0783C1F426CC1007425BF /* Base */ = {isa = PBXFileReference; lastKnownFileType = file.storyboard; name = Base; path = Base.lproj/LaunchScreen.storyboard; sourceTree = "<group>"; };
		2DC0783E1F426CC1007425BF /* Info.plist */ = {isa = PBXFileReference; lastKnownFileType = text.plist.xml; path = Info.plist; sourceTree = "<group>"; };
/* End PBXFileReference section */

/* Begin PBXFrameworksBuildPhase section */
		2DC0782C1F426CC1007425BF /* Frameworks */ = {
			isa = PBXFrameworksBuildPhase;
			buildActionMask = 2147483647;
			files = (
			);
			runOnlyForDeploymentPostprocessing = 0;
		};
/* End PBXFrameworksBuildPhase section */

/* Begin PBXGroup section */
		2DC078261F426CC1007425BF = {
			isa = PBXGroup;
			children = (
				2DC078311F426CC1007425BF /* Restrictions */,
				2DC078301F426CC1007425BF /* Products */,
			);
			sourceTree = "<group>";
		};
		2DC078301F426CC1007425BF /* Products */ = {
			isa = PBXGroup;
			children = (
				2DC0782F1F426CC1007425BF /* Restrictions.app */,
			);
			name = Products;
			sourceTree = "<group>";
		};
		2DC078311F426CC1007425BF /* Restrictions */ = {
			isa = PBXGroup;
			children = (
				2DC078321F426CC1007425BF /* AppDelegate.swift */,
				2DC078341F426CC1007425BF /* ViewController.swift */,
				2DC078361F426CC1007425BF /* Main.storyboard */,
				2DC078391F426CC1007425BF /* Assets.xcassets */,
				2DC0783B1F426CC1007425BF /* LaunchScreen.storyboard */,
				2DC0783E1F426CC1007425BF /* Info.plist */,
			);
			path = Restrictions;
			sourceTree = "<group>";
		};
/* End PBXGroup section */

/* Begin PBXNativeTarget section */
		2DC0782E1F426CC1007425BF /* Restrictions */ = {
			isa = PBXNativeTarget;
			buildConfigurationList = 2DC078411F426CC1007425BF /* Build configuration list for PBXNativeTarget "Restrictions" */;
			buildPhases = (
				2DC0782B1F426CC1007425BF /* Sources */,
				2DC0782C1F426CC1007425BF /* Frameworks */,
				2DC0782D1F426CC1007425BF /* Resources */,
			);
			buildRules = (
			);
			dependencies = (
			);
			name = Restrictions;
			productName = Restrictions;
			productReference = 2DC0782F1F426CC1007425BF /* Restrictions.app */;
			productType = "com.apple.product-type.application";
		};
/* End PBXNativeTarget section */

/* Begin PBXProject section */
		2DC078271F426CC1007425BF /* Project object */ = {
			isa = PBXProject;
			attributes = {
				LastSwiftUpdateCheck = 0830;
				LastUpgradeCheck = 0830;
				ORGANIZATIONNAME = Johnny;
				TargetAttributes = {
					2DC0782E1F426CC1007425BF = {
						CreatedOnToolsVersion = 8.3.3;
						DevelopmentTeam = 9NNKG45Q2D;
						ProvisioningStyle = Automatic;
					};
				};
			};
			buildConfigurationList = 2DC0782A1F426CC1007425BF /* Build configuration list for PBXProject "Restrictions" */;
			compatibilityVersion = "Xcode 3.2";
			developmentRegion = English;
			hasScannedForEncodings = 0;
			knownRegions = (
				en,
				Base,
			);
			mainGroup = 2DC078261F426CC1007425BF;
			productRefGroup = 2DC078301F426CC1007425BF /* Products */;
			projectDirPath = "";
			projectRoot = "";
			targets = (
				2DC0782E1F426CC1007425BF /* Restrictions */,
			);
		};
/* End PBXProject section */

/* Begin PBXResourcesBuildPhase section */
		2DC0782D1F426CC1007425BF /* Resources */ = {
			isa = PBXResourcesBuildPhase;
			buildActionMask = 2147483647;
			files = (
				2DC0783D1F426CC1007425BF /* LaunchScreen.storyboard in Resources */,
				2DC0783A1F426CC1007425BF /* Assets.xcassets in Resources */,
				2DC078381F426CC1007425BF /* Main.storyboard in Resources */,
			);
			runOnlyForDeploymentPostprocessing = 0;
		};
/* End PBXResourcesBuildPhase section */

/* Begin PBXSourcesBuildPhase section */
		2DC0782B1F426CC1007425BF /* Sources */ = {
			isa = PBXSourcesBuildPhase;
			buildActionMask = 2147483647;
			files = (
				2DC078351F426CC1007425BF /* ViewController.swift in Sources */,
				2DC078331F426CC1007425BF /* AppDelegate.swift in Sources */,
			);
			runOnlyForDeploymentPostprocessing = 0;
		};
/* End PBXSourcesBuildPhase section */

/* Begin PBXVariantGroup section */
		2DC078361F426CC1007425BF /* Main.storyboard */ = {
			isa = PBXVariantGroup;
			children = (
				2DC078371F426CC1007425BF /* Base */,
			);
			name = Main.storyboard;
			sourceTree = "<group>";
		};
		2DC0783B1F426CC1007425BF /* LaunchScreen.storyboard */ = {
			isa = PBXVariantGroup;
			children = (
				2DC0783C1F426CC1007425BF /* Base */,
			);
			name = LaunchScreen.storyboard;
			sourceTree = "<group>";
		};
/* End PBXVariantGroup section */

/* Begin XCBuildConfiguration section */
		2DC0783F1F426CC1007425BF /* Debug */ = {
			isa = XCBuildConfiguration;
			buildSettings = {
				ALWAYS_SEARCH_USER_PATHS = NO;
				CLANG_ANALYZER_NONNULL = YES;
				CLANG_ANALYZER_NUMBER_OBJECT_CONVERSION = YES_AGGRESSIVE;
				CLANG_CXX_LANGUAGE_STANDARD = "gnu++0x";
				CLANG_CXX_LIBRARY = "libc++";
				CLANG_ENABLE_MODULES = YES;
				CLANG_ENABLE_OBJC_ARC = YES;
				CLANG_WARN_BOOL_CONVERSION = YES;
				CLANG_WARN_CONSTANT_CONVERSION = YES;
				CLANG_WARN_DIRECT_OBJC_ISA_USAGE = YES_ERROR;
				CLANG_WARN_DOCUMENTATION_COMMENTS = YES;
				CLANG_WARN_EMPTY_BODY = YES;
				CLANG_WARN_ENUM_CONVERSION = YES;
				CLANG_WARN_INFINITE_RECURSION = YES;
				CLANG_WARN_INT_CONVERSION = YES;
				CLANG_WARN_OBJC_ROOT_CLASS = YES_ERROR;
				CLANG_WARN_SUSPICIOUS_MOVE = YES;
				CLANG_WARN_UNREACHABLE_CODE = YES;
				CLANG_WARN__DUPLICATE_METHOD_MATCH = YES;
				"CODE_SIGN_IDENTITY[sdk=iphoneos*]" = "iPhone Developer";
				COPY_PHASE_STRIP = NO;
				DEBUG_INFORMATION_FORMAT = dwarf;
				ENABLE_STRICT_OBJC_MSGSEND = YES;
				ENABLE_TESTABILITY = YES;
				GCC_C_LANGUAGE_STANDARD = gnu99;
				GCC_DYNAMIC_NO_PIC = NO;
				GCC_NO_COMMON_BLOCKS = YES;
				GCC_OPTIMIZATION_LEVEL = 0;
				GCC_PREPROCESSOR_DEFINITIONS = (
					"DEBUG=1",
					"$(inherited)",
				);
				GCC_WARN_64_TO_32_BIT_CONVERSION = YES;
				GCC_WARN_ABOUT_RETURN_TYPE = YES_ERROR;
				GCC_WARN_UNDECLARED_SELECTOR = YES;
				GCC_WARN_UNINITIALIZED_AUTOS = YES_AGGRESSIVE;
				GCC_WARN_UNUSED_FUNCTION = YES;
				GCC_WARN_UNUSED_VARIABLE = YES;
				IPHONEOS_DEPLOYMENT_TARGET = 10.3;
				MTL_ENABLE_DEBUG_INFO = YES;
				ONLY_ACTIVE_ARCH = YES;
				SDKROOT = iphoneos;
				SWIFT_ACTIVE_COMPILATION_CONDITIONS = DEBUG;
				SWIFT_OPTIMIZATION_LEVEL = "-Onone";
				TARGETED_DEVICE_FAMILY = "1,2";
			};
			name = Debug;
		};
		2DC078401F426CC1007425BF /* Release */ = {
			isa = XCBuildConfiguration;
			buildSettings = {
				ALWAYS_SEARCH_USER_PATHS = NO;
				CLANG_ANALYZER_NONNULL = YES;
				CLANG_ANALYZER_NUMBER_OBJECT_CONVERSION = YES_AGGRESSIVE;
				CLANG_CXX_LANGUAGE_STANDARD = "gnu++0x";
				CLANG_CXX_LIBRARY = "libc++";
				CLANG_ENABLE_MODULES = YES;
				CLANG_ENABLE_OBJC_ARC = YES;
				CLANG_WARN_BOOL_CONVERSION = YES;
				CLANG_WARN_CONSTANT_CONVERSION = YES;
				CLANG_WARN_DIRECT_OBJC_ISA_USAGE = YES_ERROR;
				CLANG_WARN_DOCUMENTATION_COMMENTS = YES;
				CLANG_WARN_EMPTY_BODY = YES;
				CLANG_WARN_ENUM_CONVERSION = YES;
				CLANG_WARN_INFINITE_RECURSION = YES;
				CLANG_WARN_INT_CONVERSION = YES;
				CLANG_WARN_OBJC_ROOT_CLASS = YES_ERROR;
				CLANG_WARN_SUSPICIOUS_MOVE = YES;
				CLANG_WARN_UNREACHABLE_CODE = YES;
				CLANG_WARN__DUPLICATE_METHOD_MATCH = YES;
				"CODE_SIGN_IDENTITY[sdk=iphoneos*]" = "iPhone Developer";
				COPY_PHASE_STRIP = NO;
				DEBUG_INFORMATION_FORMAT = "dwarf-with-dsym";
				ENABLE_NS_ASSERTIONS = NO;
				ENABLE_STRICT_OBJC_MSGSEND = YES;
				GCC_C_LANGUAGE_STANDARD = gnu99;
				GCC_NO_COMMON_BLOCKS = YES;
				GCC_WARN_64_TO_32_BIT_CONVERSION = YES;
				GCC_WARN_ABOUT_RETURN_TYPE = YES_ERROR;
				GCC_WARN_UNDECLARED_SELECTOR = YES;
				GCC_WARN_UNINITIALIZED_AUTOS = YES_AGGRESSIVE;
				GCC_WARN_UNUSED_FUNCTION = YES;
				GCC_WARN_UNUSED_VARIABLE = YES;
				IPHONEOS_DEPLOYMENT_TARGET = 10.3;
				MTL_ENABLE_DEBUG_INFO = NO;
				SDKROOT = iphoneos;
				SWIFT_OPTIMIZATION_LEVEL = "-Owholemodule";
				TARGETED_DEVICE_FAMILY = "1,2";
				VALIDATE_PRODUCT = YES;
			};
			name = Release;
		};
		2DC078421F426CC1007425BF /* Debug */ = {
			isa = XCBuildConfiguration;
			buildSettings = {
				ASSETCATALOG_COMPILER_APPICON_NAME = AppIcon;
				DEVELOPMENT_TEAM = 9NNKG45Q2D;
				INFOPLIST_FILE = Restrictions/Info.plist;
				LD_RUNPATH_SEARCH_PATHS = "$(inherited) @executable_path/Frameworks";
				PRODUCT_BUNDLE_IDENTIFIER = com.johnny.Restrictions;
				PRODUCT_NAME = "$(TARGET_NAME)";
				SWIFT_VERSION = 3.0;
			};
			name = Debug;
		};
		2DC078431F426CC1007425BF /* Release */ = {
			isa = XCBuildConfiguration;
			buildSettings = {
				ASSETCATALOG_COMPILER_APPICON_NAME = AppIcon;
				DEVELOPMENT_TEAM = 9NNKG45Q2D;
				INFOPLIST_FILE = Restrictions/Info.plist;
				LD_RUNPATH_SEARCH_PATHS = "$(inherited) @executable_path/Frameworks";
				PRODUCT_BUNDLE_IDENTIFIER = com.johnny.Restrictions;
				PRODUCT_NAME = "$(TARGET_NAME)";
				SWIFT_VERSION = 3.0;
			};
			name = Release;
		};
/* End XCBuildConfiguration section */

/* Begin XCConfigurationList section */
		2DC0782A1F426CC1007425BF /* Build configuration list for PBXProject "Restrictions" */ = {
			isa = XCConfigurationList;
			buildConfigurations = (
				2DC0783F1F426CC1007425BF /* Debug */,
				2DC078401F426CC1007425BF /* Release */,
			);
			defaultConfigurationIsVisible = 0;
			defaultConfigurationName = Release;
		};
		2DC078411F426CC1007425BF /* Build configuration list for PBXNativeTarget "Restrictions" */ = {
			isa = XCConfigurationList;
			buildConfigurations = (
				2DC078421F426CC1007425BF /* Debug */,
				2DC078431F426CC1007425BF /* Release */,
			);
			defaultConfigurationIsVisible = 0;
		};
/* End XCConfigurationList section */
	};
	rootObject = 2DC078271F426CC1007425BF /* Project object */;
}
