// !$*UTF8*$!
{
	archiveVersion = 1;
	classes = {
	};
	objectVersion = 46;
	objects = {

/* Begin PBXBuildFile section */
		2DA832641F4A588B0096880A /* AppDelegate.swift in Sources */ = {isa = PBXBuildFile; fileRef = 2DA832631F4A588B0096880A /* AppDelegate.swift */; };
		2DA832661F4A588B0096880A /* ViewController.swift in Sources */ = {isa = PBXBuildFile; fileRef = 2DA832651F4A588B0096880A /* ViewController.swift */; };
		2DA832691F4A588B0096880A /* Main.storyboard in Resources */ = {isa = PBXBuildFile; fileRef = 2DA832671F4A588B0096880A /* Main.storyboard */; };
		2DA8326B1F4A588B0096880A /* Assets.xcassets in Resources */ = {isa = PBXBuildFile; fileRef = 2DA8326A1F4A588B0096880A /* Assets.xcassets */; };
		2DA8326E1F4A588B0096880A /* LaunchScreen.storyboard in Resources */ = {isa = PBXBuildFile; fileRef = 2DA8326C1F4A588B0096880A /* LaunchScreen.storyboard */; };
/* End PBXBuildFile section */

/* Begin PBXFileReference section */
		2DA832601F4A588B0096880A /* Quick Action 3D Touch.app */ = {isa = PBXFileReference; explicitFileType = wrapper.application; includeInIndex = 0; path = "Quick Action 3D Touch.app"; sourceTree = BUILT_PRODUCTS_DIR; };
		2DA832631F4A588B0096880A /* AppDelegate.swift */ = {isa = PBXFileReference; lastKnownFileType = sourcecode.swift; path = AppDelegate.swift; sourceTree = "<group>"; };
		2DA832651F4A588B0096880A /* ViewController.swift */ = {isa = PBXFileReference; lastKnownFileType = sourcecode.swift; path = ViewController.swift; sourceTree = "<group>"; };
		2DA832681F4A588B0096880A /* Base */ = {isa = PBXFileReference; lastKnownFileType = file.storyboard; name = Base; path = Base.lproj/Main.storyboard; sourceTree = "<group>"; };
		2DA8326A1F4A588B0096880A /* Assets.xcassets */ = {isa = PBXFileReference; lastKnownFileType = folder.assetcatalog; path = Assets.xcassets; sourceTree = "<group>"; };
		2DA8326D1F4A588B0096880A /* Base */ = {isa = PBXFileReference; lastKnownFileType = file.storyboard; name = Base; path = Base.lproj/LaunchScreen.storyboard; sourceTree = "<group>"; };
		2DA8326F1F4A588B0096880A /* Info.plist */ = {isa = PBXFileReference; lastKnownFileType = text.plist.xml; path = Info.plist; sourceTree = "<group>"; };
/* End PBXFileReference section */

/* Begin PBXFrameworksBuildPhase section */
		2DA8325D1F4A588B0096880A /* Frameworks */ = {
			isa = PBXFrameworksBuildPhase;
			buildActionMask = 2147483647;
			files = (
			);
			runOnlyForDeploymentPostprocessing = 0;
		};
/* End PBXFrameworksBuildPhase section */

/* Begin PBXGroup section */
		2DA832571F4A588B0096880A = {
			isa = PBXGroup;
			children = (
				2DA832621F4A588B0096880A /* Quick Action 3D Touch */,
				2DA832611F4A588B0096880A /* Products */,
			);
			sourceTree = "<group>";
		};
		2DA832611F4A588B0096880A /* Products */ = {
			isa = PBXGroup;
			children = (
				2DA832601F4A588B0096880A /* Quick Action 3D Touch.app */,
			);
			name = Products;
			sourceTree = "<group>";
		};
		2DA832621F4A588B0096880A /* Quick Action 3D Touch */ = {
			isa = PBXGroup;
			children = (
				2DA832631F4A588B0096880A /* AppDelegate.swift */,
				2DA832651F4A588B0096880A /* ViewController.swift */,
				2DA832671F4A588B0096880A /* Main.storyboard */,
				2DA8326A1F4A588B0096880A /* Assets.xcassets */,
				2DA8326C1F4A588B0096880A /* LaunchScreen.storyboard */,
				2DA8326F1F4A588B0096880A /* Info.plist */,
			);
			path = "Quick Action 3D Touch";
			sourceTree = "<group>";
		};
/* End PBXGroup section */

/* Begin PBXNativeTarget section */
		2DA8325F1F4A588B0096880A /* Quick Action 3D Touch */ = {
			isa = PBXNativeTarget;
			buildConfigurationList = 2DA832721F4A588B0096880A /* Build configuration list for PBXNativeTarget "Quick Action 3D Touch" */;
			buildPhases = (
				2DA8325C1F4A588B0096880A /* Sources */,
				2DA8325D1F4A588B0096880A /* Frameworks */,
				2DA8325E1F4A588B0096880A /* Resources */,
			);
			buildRules = (
			);
			dependencies = (
			);
			name = "Quick Action 3D Touch";
			productName = "Quick Action 3D Touch";
			productReference = 2DA832601F4A588B0096880A /* Quick Action 3D Touch.app */;
			productType = "com.apple.product-type.application";
		};
/* End PBXNativeTarget section */

/* Begin PBXProject section */
		2DA832581F4A588B0096880A /* Project object */ = {
			isa = PBXProject;
			attributes = {
				LastSwiftUpdateCheck = 0830;
				LastUpgradeCheck = 0830;
				ORGANIZATIONNAME = Johnny_L;
				TargetAttributes = {
					2DA8325F1F4A588B0096880A = {
						CreatedOnToolsVersion = 8.3.3;
						DevelopmentTeam = 9NNKG45Q2D;
						ProvisioningStyle = Automatic;
					};
				};
			};
			buildConfigurationList = 2DA8325B1F4A588B0096880A /* Build configuration list for PBXProject "Quick Action 3D Touch" */;
			compatibilityVersion = "Xcode 3.2";
			developmentRegion = English;
			hasScannedForEncodings = 0;
			knownRegions = (
				en,
				Base,
			);
			mainGroup = 2DA832571F4A588B0096880A;
			productRefGroup = 2DA832611F4A588B0096880A /* Products */;
			projectDirPath = "";
			projectRoot = "";
			targets = (
				2DA8325F1F4A588B0096880A /* Quick Action 3D Touch */,
			);
		};
/* End PBXProject section */

/* Begin PBXResourcesBuildPhase section */
		2DA8325E1F4A588B0096880A /* Resources */ = {
			isa = PBXResourcesBuildPhase;
			buildActionMask = 2147483647;
			files = (
				2DA8326E1F4A588B0096880A /* LaunchScreen.storyboard in Resources */,
				2DA8326B1F4A588B0096880A /* Assets.xcassets in Resources */,
				2DA832691F4A588B0096880A /* Main.storyboard in Resources */,
			);
			runOnlyForDeploymentPostprocessing = 0;
		};
/* End PBXResourcesBuildPhase section */

/* Begin PBXSourcesBuildPhase section */
		2DA8325C1F4A588B0096880A /* Sources */ = {
			isa = PBXSourcesBuildPhase;
			buildActionMask = 2147483647;
			files = (
				2DA832661F4A588B0096880A /* ViewController.swift in Sources */,
				2DA832641F4A588B0096880A /* AppDelegate.swift in Sources */,
			);
			runOnlyForDeploymentPostprocessing = 0;
		};
/* End PBXSourcesBuildPhase section */

/* Begin PBXVariantGroup section */
		2DA832671F4A588B0096880A /* Main.storyboard */ = {
			isa = PBXVariantGroup;
			children = (
				2DA832681F4A588B0096880A /* Base */,
			);
			name = Main.storyboard;
			sourceTree = "<group>";
		};
		2DA8326C1F4A588B0096880A /* LaunchScreen.storyboard */ = {
			isa = PBXVariantGroup;
			children = (
				2DA8326D1F4A588B0096880A /* Base */,
			);
			name = LaunchScreen.storyboard;
			sourceTree = "<group>";
		};
/* End PBXVariantGroup section */

/* Begin XCBuildConfiguration section */
		2DA832701F4A588B0096880A /* Debug */ = {
			isa = XCBuildConfiguration;
			buildSettings = {
				ALWAYS_SEARCH_USER_PATHS = NO;
				CLANG_ANALYZER_NONNULL = YES;
				CLANG_ANALYZER_NUMBER_OBJECT_CONVERSION = YES_AGGRESSIVE;
				CLANG_CXX_LANGUAGE_STANDARD = "gnu++0x";
				CLANG_CXX_LIBRARY = "libc++";
				CLANG_ENABLE_MODULES = YES;
				CLANG_ENABLE_OBJC_ARC = YES;
				CLANG_WARN_BOOL_CONVERSION = YES;
				CLANG_WARN_CONSTANT_CONVERSION = YES;
				CLANG_WARN_DIRECT_OBJC_ISA_USAGE = YES_ERROR;
				CLANG_WARN_DOCUMENTATION_COMMENTS = YES;
				CLANG_WARN_EMPTY_BODY = YES;
				CLANG_WARN_ENUM_CONVERSION = YES;
				CLANG_WARN_INFINITE_RECURSION = YES;
				CLANG_WARN_INT_CONVERSION = YES;
				CLANG_WARN_OBJC_ROOT_CLASS = YES_ERROR;
				CLANG_WARN_SUSPICIOUS_MOVE = YES;
				CLANG_WARN_UNREACHABLE_CODE = YES;
				CLANG_WARN__DUPLICATE_METHOD_MATCH = YES;
				"CODE_SIGN_IDENTITY[sdk=iphoneos*]" = "iPhone Developer";
				COPY_PHASE_STRIP = NO;
				DEBUG_INFORMATION_FORMAT = dwarf;
				ENABLE_STRICT_OBJC_MSGSEND = YES;
				ENABLE_TESTABILITY = YES;
				GCC_C_LANGUAGE_STANDARD = gnu99;
				GCC_DYNAMIC_NO_PIC = NO;
				GCC_NO_COMMON_BLOCKS = YES;
				GCC_OPTIMIZATION_LEVEL = 0;
				GCC_PREPROCESSOR_DEFINITIONS = (
					"DEBUG=1",
					"$(inherited)",
				);
				GCC_WARN_64_TO_32_BIT_CONVERSION = YES;
				GCC_WARN_ABOUT_RETURN_TYPE = YES_ERROR;
				GCC_WARN_UNDECLARED_SELECTOR = YES;
				GCC_WARN_UNINITIALIZED_AUTOS = YES_AGGRESSIVE;
				GCC_WARN_UNUSED_FUNCTION = YES;
				GCC_WARN_UNUSED_VARIABLE = YES;
				IPHONEOS_DEPLOYMENT_TARGET = 10.3;
				MTL_ENABLE_DEBUG_INFO = YES;
				ONLY_ACTIVE_ARCH = YES;
				SDKROOT = iphoneos;
				SWIFT_ACTIVE_COMPILATION_CONDITIONS = DEBUG;
				SWIFT_OPTIMIZATION_LEVEL = "-Onone";
				TARGETED_DEVICE_FAMILY = "1,2";
			};
			name = Debug;
		};
		2DA832711F4A588B0096880A /* Release */ = {
			isa = XCBuildConfiguration;
			buildSettings = {
				ALWAYS_SEARCH_USER_PATHS = NO;
				CLANG_ANALYZER_NONNULL = YES;
				CLANG_ANALYZER_NUMBER_OBJECT_CONVERSION = YES_AGGRESSIVE;
				CLANG_CXX_LANGUAGE_STANDARD = "gnu++0x";
				CLANG_CXX_LIBRARY = "libc++";
				CLANG_ENABLE_MODULES = YES;
				CLANG_ENABLE_OBJC_ARC = YES;
				CLANG_WARN_BOOL_CONVERSION = YES;
				CLANG_WARN_CONSTANT_CONVERSION = YES;
				CLANG_WARN_DIRECT_OBJC_ISA_USAGE = YES_ERROR;
				CLANG_WARN_DOCUMENTATION_COMMENTS = YES;
				CLANG_WARN_EMPTY_BODY = YES;
				CLANG_WARN_ENUM_CONVERSION = YES;
				CLANG_WARN_INFINITE_RECURSION = YES;
				CLANG_WARN_INT_CONVERSION = YES;
				CLANG_WARN_OBJC_ROOT_CLASS = YES_ERROR;
				CLANG_WARN_SUSPICIOUS_MOVE = YES;
				CLANG_WARN_UNREACHABLE_CODE = YES;
				CLANG_WARN__DUPLICATE_METHOD_MATCH = YES;
				"CODE_SIGN_IDENTITY[sdk=iphoneos*]" = "iPhone Developer";
				COPY_PHASE_STRIP = NO;
				DEBUG_INFORMATION_FORMAT = "dwarf-with-dsym";
				ENABLE_NS_ASSERTIONS = NO;
				ENABLE_STRICT_OBJC_MSGSEND = YES;
				GCC_C_LANGUAGE_STANDARD = gnu99;
				GCC_NO_COMMON_BLOCKS = YES;
				GCC_WARN_64_TO_32_BIT_CONVERSION = YES;
				GCC_WARN_ABOUT_RETURN_TYPE = YES_ERROR;
				GCC_WARN_UNDECLARED_SELECTOR = YES;
				GCC_WARN_UNINITIALIZED_AUTOS = YES_AGGRESSIVE;
				GCC_WARN_UNUSED_FUNCTION = YES;
				GCC_WARN_UNUSED_VARIABLE = YES;
				IPHONEOS_DEPLOYMENT_TARGET = 10.3;
				MTL_ENABLE_DEBUG_INFO = NO;
				SDKROOT = iphoneos;
				SWIFT_OPTIMIZATION_LEVEL = "-Owholemodule";
				TARGETED_DEVICE_FAMILY = "1,2";
				VALIDATE_PRODUCT = YES;
			};
			name = Release;
		};
		2DA832731F4A588B0096880A /* Debug */ = {
			isa = XCBuildConfiguration;
			buildSettings = {
				ASSETCATALOG_COMPILER_APPICON_NAME = AppIcon;
				DEVELOPMENT_TEAM = 9NNKG45Q2D;
				INFOPLIST_FILE = "Quick Action 3D Touch/Info.plist";
				LD_RUNPATH_SEARCH_PATHS = "$(inherited) @executable_path/Frameworks";
				PRODUCT_BUNDLE_IDENTIFIER = "com.Johnny.Quick-Action-3D-Touch";
				PRODUCT_NAME = "$(TARGET_NAME)";
				SWIFT_VERSION = 3.0;
			};
			name = Debug;
		};
		2DA832741F4A588B0096880A /* Release */ = {
			isa = XCBuildConfiguration;
			buildSettings = {
				ASSETCATALOG_COMPILER_APPICON_NAME = AppIcon;
				DEVELOPMENT_TEAM = 9NNKG45Q2D;
				INFOPLIST_FILE = "Quick Action 3D Touch/Info.plist";
				LD_RUNPATH_SEARCH_PATHS = "$(inherited) @executable_path/Frameworks";
				PRODUCT_BUNDLE_IDENTIFIER = "com.Johnny.Quick-Action-3D-Touch";
				PRODUCT_NAME = "$(TARGET_NAME)";
				SWIFT_VERSION = 3.0;
			};
			name = Release;
		};
/* End XCBuildConfiguration section */

/* Begin XCConfigurationList section */
		2DA8325B1F4A588B0096880A /* Build configuration list for PBXProject "Quick Action 3D Touch" */ = {
			isa = XCConfigurationList;
			buildConfigurations = (
				2DA832701F4A588B0096880A /* Debug */,
				2DA832711F4A588B0096880A /* Release */,
			);
			defaultConfigurationIsVisible = 0;
			defaultConfigurationName = Release;
		};
		2DA832721F4A588B0096880A /* Build configuration list for PBXNativeTarget "Quick Action 3D Touch" */ = {
			isa = XCConfigurationList;
			buildConfigurations = (
				2DA832731F4A588B0096880A /* Debug */,
				2DA832741F4A588B0096880A /* Release */,
			);
			defaultConfigurationIsVisible = 0;
		};
/* End XCConfigurationList section */
	};
	rootObject = 2DA832581F4A588B0096880A /* Project object */;
}
