// !$*UTF8*$!
{
	archiveVersion = 1;
	classes = {
	};
	objectVersion = 46;
	objects = {

/* Begin PBXBuildFile section */
		2D5A1A911F3D33BB00410C8B /* AppDelegate.swift in Sources */ = {isa = PBXBuildFile; fileRef = 2D5A1A901F3D33BB00410C8B /* AppDelegate.swift */; };
		2D5A1A931F3D33BB00410C8B /* ViewController.swift in Sources */ = {isa = PBXBuildFile; fileRef = 2D5A1A921F3D33BB00410C8B /* ViewController.swift */; };
		2D5A1A961F3D33BB00410C8B /* Main.storyboard in Resources */ = {isa = PBXBuildFile; fileRef = 2D5A1A941F3D33BB00410C8B /* Main.storyboard */; };
		2D5A1A981F3D33BB00410C8B /* Assets.xcassets in Resources */ = {isa = PBXBuildFile; fileRef = 2D5A1A971F3D33BB00410C8B /* Assets.xcassets */; };
		2D5A1A9B1F3D33BB00410C8B /* LaunchScreen.storyboard in Resources */ = {isa = PBXBuildFile; fileRef = 2D5A1A991F3D33BB00410C8B /* LaunchScreen.storyboard */; };
/* End PBXBuildFile section */

/* Begin PBXFileReference section */
		2D5A1A8D1F3D33BB00410C8B /* Hello World2.app */ = {isa = PBXFileReference; explicitFileType = wrapper.application; includeInIndex = 0; path = "Hello World2.app"; sourceTree = BUILT_PRODUCTS_DIR; };
		2D5A1A901F3D33BB00410C8B /* AppDelegate.swift */ = {isa = PBXFileReference; lastKnownFileType = sourcecode.swift; path = AppDelegate.swift; sourceTree = "<group>"; };
		2D5A1A921F3D33BB00410C8B /* ViewController.swift */ = {isa = PBXFileReference; lastKnownFileType = sourcecode.swift; path = ViewController.swift; sourceTree = "<group>"; };
		2D5A1A951F3D33BB00410C8B /* Base */ = {isa = PBXFileReference; lastKnownFileType = file.storyboard; name = Base; path = Base.lproj/Main.storyboard; sourceTree = "<group>"; };
		2D5A1A971F3D33BB00410C8B /* Assets.xcassets */ = {isa = PBXFileReference; lastKnownFileType = folder.assetcatalog; path = Assets.xcassets; sourceTree = "<group>"; };
		2D5A1A9A1F3D33BB00410C8B /* Base */ = {isa = PBXFileReference; lastKnownFileType = file.storyboard; name = Base; path = Base.lproj/LaunchScreen.storyboard; sourceTree = "<group>"; };
		2D5A1A9C1F3D33BB00410C8B /* Info.plist */ = {isa = PBXFileReference; lastKnownFileType = text.plist.xml; path = Info.plist; sourceTree = "<group>"; };
/* End PBXFileReference section */

/* Begin PBXFrameworksBuildPhase section */
		2D5A1A8A1F3D33BB00410C8B /* Frameworks */ = {
			isa = PBXFrameworksBuildPhase;
			buildActionMask = 2147483647;
			files = (
			);
			runOnlyForDeploymentPostprocessing = 0;
		};
/* End PBXFrameworksBuildPhase section */

/* Begin PBXGroup section */
		2D5A1A841F3D33BB00410C8B = {
			isa = PBXGroup;
			children = (
				2D5A1A8F1F3D33BB00410C8B /* Hello World2 */,
				2D5A1A8E1F3D33BB00410C8B /* Products */,
			);
			sourceTree = "<group>";
		};
		2D5A1A8E1F3D33BB00410C8B /* Products */ = {
			isa = PBXGroup;
			children = (
				2D5A1A8D1F3D33BB00410C8B /* Hello World2.app */,
			);
			name = Products;
			sourceTree = "<group>";
		};
		2D5A1A8F1F3D33BB00410C8B /* Hello World2 */ = {
			isa = PBXGroup;
			children = (
				2D5A1A901F3D33BB00410C8B /* AppDelegate.swift */,
				2D5A1A921F3D33BB00410C8B /* ViewController.swift */,
				2D5A1A941F3D33BB00410C8B /* Main.storyboard */,
				2D5A1A971F3D33BB00410C8B /* Assets.xcassets */,
				2D5A1A991F3D33BB00410C8B /* LaunchScreen.storyboard */,
				2D5A1A9C1F3D33BB00410C8B /* Info.plist */,
			);
			path = "Hello World2";
			sourceTree = "<group>";
		};
/* End PBXGroup section */

/* Begin PBXNativeTarget section */
		2D5A1A8C1F3D33BB00410C8B /* Hello World2 */ = {
			isa = PBXNativeTarget;
			buildConfigurationList = 2D5A1A9F1F3D33BB00410C8B /* Build configuration list for PBXNativeTarget "Hello World2" */;
			buildPhases = (
				2D5A1A891F3D33BB00410C8B /* Sources */,
				2D5A1A8A1F3D33BB00410C8B /* Frameworks */,
				2D5A1A8B1F3D33BB00410C8B /* Resources */,
			);
			buildRules = (
			);
			dependencies = (
			);
			name = "Hello World2";
			productName = "Hello World2";
			productReference = 2D5A1A8D1F3D33BB00410C8B /* Hello World2.app */;
			productType = "com.apple.product-type.application";
		};
/* End PBXNativeTarget section */

/* Begin PBXProject section */
		2D5A1A851F3D33BB00410C8B /* Project object */ = {
			isa = PBXProject;
			attributes = {
				LastSwiftUpdateCheck = 0830;
				LastUpgradeCheck = 0830;
				ORGANIZATIONNAME = Johnny;
				TargetAttributes = {
					2D5A1A8C1F3D33BB00410C8B = {
						CreatedOnToolsVersion = 8.3.3;
						DevelopmentTeam = 9NNKG45Q2D;
						ProvisioningStyle = Automatic;
					};
				};
			};
			buildConfigurationList = 2D5A1A881F3D33BB00410C8B /* Build configuration list for PBXProject "Hello World2" */;
			compatibilityVersion = "Xcode 3.2";
			developmentRegion = English;
			hasScannedForEncodings = 0;
			knownRegions = (
				en,
				Base,
			);
			mainGroup = 2D5A1A841F3D33BB00410C8B;
			productRefGroup = 2D5A1A8E1F3D33BB00410C8B /* Products */;
			projectDirPath = "";
			projectRoot = "";
			targets = (
				2D5A1A8C1F3D33BB00410C8B /* Hello World2 */,
			);
		};
/* End PBXProject section */

/* Begin PBXResourcesBuildPhase section */
		2D5A1A8B1F3D33BB00410C8B /* Resources */ = {
			isa = PBXResourcesBuildPhase;
			buildActionMask = 2147483647;
			files = (
				2D5A1A9B1F3D33BB00410C8B /* LaunchScreen.storyboard in Resources */,
				2D5A1A981F3D33BB00410C8B /* Assets.xcassets in Resources */,
				2D5A1A961F3D33BB00410C8B /* Main.storyboard in Resources */,
			);
			runOnlyForDeploymentPostprocessing = 0;
		};
/* End PBXResourcesBuildPhase section */

/* Begin PBXSourcesBuildPhase section */
		2D5A1A891F3D33BB00410C8B /* Sources */ = {
			isa = PBXSourcesBuildPhase;
			buildActionMask = 2147483647;
			files = (
				2D5A1A931F3D33BB00410C8B /* ViewController.swift in Sources */,
				2D5A1A911F3D33BB00410C8B /* AppDelegate.swift in Sources */,
			);
			runOnlyForDeploymentPostprocessing = 0;
		};
/* End PBXSourcesBuildPhase section */

/* Begin PBXVariantGroup section */
		2D5A1A941F3D33BB00410C8B /* Main.storyboard */ = {
			isa = PBXVariantGroup;
			children = (
				2D5A1A951F3D33BB00410C8B /* Base */,
			);
			name = Main.storyboard;
			sourceTree = "<group>";
		};
		2D5A1A991F3D33BB00410C8B /* LaunchScreen.storyboard */ = {
			isa = PBXVariantGroup;
			children = (
				2D5A1A9A1F3D33BB00410C8B /* Base */,
			);
			name = LaunchScreen.storyboard;
			sourceTree = "<group>";
		};
/* End PBXVariantGroup section */

/* Begin XCBuildConfiguration section */
		2D5A1A9D1F3D33BB00410C8B /* Debug */ = {
			isa = XCBuildConfiguration;
			buildSettings = {
				ALWAYS_SEARCH_USER_PATHS = NO;
				CLANG_ANALYZER_NONNULL = YES;
				CLANG_ANALYZER_NUMBER_OBJECT_CONVERSION = YES_AGGRESSIVE;
				CLANG_CXX_LANGUAGE_STANDARD = "gnu++0x";
				CLANG_CXX_LIBRARY = "libc++";
				CLANG_ENABLE_MODULES = YES;
				CLANG_ENABLE_OBJC_ARC = YES;
				CLANG_WARN_BOOL_CONVERSION = YES;
				CLANG_WARN_CONSTANT_CONVERSION = YES;
				CLANG_WARN_DIRECT_OBJC_ISA_USAGE = YES_ERROR;
				CLANG_WARN_DOCUMENTATION_COMMENTS = YES;
				CLANG_WARN_EMPTY_BODY = YES;
				CLANG_WARN_ENUM_CONVERSION = YES;
				CLANG_WARN_INFINITE_RECURSION = YES;
				CLANG_WARN_INT_CONVERSION = YES;
				CLANG_WARN_OBJC_ROOT_CLASS = YES_ERROR;
				CLANG_WARN_SUSPICIOUS_MOVE = YES;
				CLANG_WARN_UNREACHABLE_CODE = YES;
				CLANG_WARN__DUPLICATE_METHOD_MATCH = YES;
				"CODE_SIGN_IDENTITY[sdk=iphoneos*]" = "iPhone Developer";
				COPY_PHASE_STRIP = NO;
				DEBUG_INFORMATION_FORMAT = dwarf;
				ENABLE_STRICT_OBJC_MSGSEND = YES;
				ENABLE_TESTABILITY = YES;
				GCC_C_LANGUAGE_STANDARD = gnu99;
				GCC_DYNAMIC_NO_PIC = NO;
				GCC_NO_COMMON_BLOCKS = YES;
				GCC_OPTIMIZATION_LEVEL = 0;
				GCC_PREPROCESSOR_DEFINITIONS = (
					"DEBUG=1",
					"$(inherited)",
				);
				GCC_WARN_64_TO_32_BIT_CONVERSION = YES;
				GCC_WARN_ABOUT_RETURN_TYPE = YES_ERROR;
				GCC_WARN_UNDECLARED_SELECTOR = YES;
				GCC_WARN_UNINITIALIZED_AUTOS = YES_AGGRESSIVE;
				GCC_WARN_UNUSED_FUNCTION = YES;
				GCC_WARN_UNUSED_VARIABLE = YES;
				IPHONEOS_DEPLOYMENT_TARGET = 10.3;
				MTL_ENABLE_DEBUG_INFO = YES;
				ONLY_ACTIVE_ARCH = YES;
				SDKROOT = iphoneos;
				SWIFT_ACTIVE_COMPILATION_CONDITIONS = DEBUG;
				SWIFT_OPTIMIZATION_LEVEL = "-Onone";
				TARGETED_DEVICE_FAMILY = "1,2";
			};
			name = Debug;
		};
		2D5A1A9E1F3D33BB00410C8B /* Release */ = {
			isa = XCBuildConfiguration;
			buildSettings = {
				ALWAYS_SEARCH_USER_PATHS = NO;
				CLANG_ANALYZER_NONNULL = YES;
				CLANG_ANALYZER_NUMBER_OBJECT_CONVERSION = YES_AGGRESSIVE;
				CLANG_CXX_LANGUAGE_STANDARD = "gnu++0x";
				CLANG_CXX_LIBRARY = "libc++";
				CLANG_ENABLE_MODULES = YES;
				CLANG_ENABLE_OBJC_ARC = YES;
				CLANG_WARN_BOOL_CONVERSION = YES;
				CLANG_WARN_CONSTANT_CONVERSION = YES;
				CLANG_WARN_DIRECT_OBJC_ISA_USAGE = YES_ERROR;
				CLANG_WARN_DOCUMENTATION_COMMENTS = YES;
				CLANG_WARN_EMPTY_BODY = YES;
				CLANG_WARN_ENUM_CONVERSION = YES;
				CLANG_WARN_INFINITE_RECURSION = YES;
				CLANG_WARN_INT_CONVERSION = YES;
				CLANG_WARN_OBJC_ROOT_CLASS = YES_ERROR;
				CLANG_WARN_SUSPICIOUS_MOVE = YES;
				CLANG_WARN_UNREACHABLE_CODE = YES;
				CLANG_WARN__DUPLICATE_METHOD_MATCH = YES;
				"CODE_SIGN_IDENTITY[sdk=iphoneos*]" = "iPhone Developer";
				COPY_PHASE_STRIP = NO;
				DEBUG_INFORMATION_FORMAT = "dwarf-with-dsym";
				ENABLE_NS_ASSERTIONS = NO;
				ENABLE_STRICT_OBJC_MSGSEND = YES;
				GCC_C_LANGUAGE_STANDARD = gnu99;
				GCC_NO_COMMON_BLOCKS = YES;
				GCC_WARN_64_TO_32_BIT_CONVERSION = YES;
				GCC_WARN_ABOUT_RETURN_TYPE = YES_ERROR;
				GCC_WARN_UNDECLARED_SELECTOR = YES;
				GCC_WARN_UNINITIALIZED_AUTOS = YES_AGGRESSIVE;
				GCC_WARN_UNUSED_FUNCTION = YES;
				GCC_WARN_UNUSED_VARIABLE = YES;
				IPHONEOS_DEPLOYMENT_TARGET = 10.3;
				MTL_ENABLE_DEBUG_INFO = NO;
				SDKROOT = iphoneos;
				SWIFT_OPTIMIZATION_LEVEL = "-Owholemodule";
				TARGETED_DEVICE_FAMILY = "1,2";
				VALIDATE_PRODUCT = YES;
			};
			name = Release;
		};
		2D5A1AA01F3D33BB00410C8B /* Debug */ = {
			isa = XCBuildConfiguration;
			buildSettings = {
				ASSETCATALOG_COMPILER_APPICON_NAME = AppIcon;
				DEVELOPMENT_TEAM = 9NNKG45Q2D;
				INFOPLIST_FILE = "Hello World2/Info.plist";
				LD_RUNPATH_SEARCH_PATHS = "$(inherited) @executable_path/Frameworks";
				PRODUCT_BUNDLE_IDENTIFIER = "com.johnny.Hello-World2";
				PRODUCT_NAME = "$(TARGET_NAME)";
				SWIFT_VERSION = 3.0;
			};
			name = Debug;
		};
		2D5A1AA11F3D33BB00410C8B /* Release */ = {
			isa = XCBuildConfiguration;
			buildSettings = {
				ASSETCATALOG_COMPILER_APPICON_NAME = AppIcon;
				DEVELOPMENT_TEAM = 9NNKG45Q2D;
				INFOPLIST_FILE = "Hello World2/Info.plist";
				LD_RUNPATH_SEARCH_PATHS = "$(inherited) @executable_path/Frameworks";
				PRODUCT_BUNDLE_IDENTIFIER = "com.johnny.Hello-World2";
				PRODUCT_NAME = "$(TARGET_NAME)";
				SWIFT_VERSION = 3.0;
			};
			name = Release;
		};
/* End XCBuildConfiguration section */

/* Begin XCConfigurationList section */
		2D5A1A881F3D33BB00410C8B /* Build configuration list for PBXProject "Hello World2" */ = {
			isa = XCConfigurationList;
			buildConfigurations = (
				2D5A1A9D1F3D33BB00410C8B /* Debug */,
				2D5A1A9E1F3D33BB00410C8B /* Release */,
			);
			defaultConfigurationIsVisible = 0;
			defaultConfigurationName = Release;
		};
		2D5A1A9F1F3D33BB00410C8B /* Build configuration list for PBXNativeTarget "Hello World2" */ = {
			isa = XCConfigurationList;
			buildConfigurations = (
				2D5A1AA01F3D33BB00410C8B /* Debug */,
				2D5A1AA11F3D33BB00410C8B /* Release */,
			);
			defaultConfigurationIsVisible = 0;
		};
/* End XCConfigurationList section */
	};
	rootObject = 2D5A1A851F3D33BB00410C8B /* Project object */;
}
