// !$*UTF8*$!
{
	archiveVersion = 1;
	classes = {
	};
	objectVersion = 46;
	objects = {

/* Begin PBXBuildFile section */
		2D42D3331F4F014600662839 /* MyTableViewCell.swift in Sources */ = {isa = PBXBuildFile; fileRef = 2D42D3321F4F014600662839 /* MyTableViewCell.swift */; };
		2DF28BC31F4EA6D3004D5192 /* AppDelegate.swift in Sources */ = {isa = PBXBuildFile; fileRef = 2DF28BC21F4EA6D3004D5192 /* AppDelegate.swift */; };
		2DF28BC51F4EA6D3004D5192 /* ViewController.swift in Sources */ = {isa = PBXBuildFile; fileRef = 2DF28BC41F4EA6D3004D5192 /* ViewController.swift */; };
		2DF28BC81F4EA6D3004D5192 /* Main.storyboard in Resources */ = {isa = PBXBuildFile; fileRef = 2DF28BC61F4EA6D3004D5192 /* Main.storyboard */; };
		2DF28BCA1F4EA6D3004D5192 /* Assets.xcassets in Resources */ = {isa = PBXBuildFile; fileRef = 2DF28BC91F4EA6D3004D5192 /* Assets.xcassets */; };
		2DF28BCD1F4EA6D3004D5192 /* LaunchScreen.storyboard in Resources */ = {isa = PBXBuildFile; fileRef = 2DF28BCB1F4EA6D3004D5192 /* LaunchScreen.storyboard */; };
/* End PBXBuildFile section */

/* Begin PBXFileReference section */
		2D42D3321F4F014600662839 /* MyTableViewCell.swift */ = {isa = PBXFileReference; fileEncoding = 4; lastKnownFileType = sourcecode.swift; path = MyTableViewCell.swift; sourceTree = "<group>"; };
		2DF28BBF1F4EA6D3004D5192 /* Twitter Feed.app */ = {isa = PBXFileReference; explicitFileType = wrapper.application; includeInIndex = 0; path = "Twitter Feed.app"; sourceTree = BUILT_PRODUCTS_DIR; };
		2DF28BC21F4EA6D3004D5192 /* AppDelegate.swift */ = {isa = PBXFileReference; lastKnownFileType = sourcecode.swift; path = AppDelegate.swift; sourceTree = "<group>"; };
		2DF28BC41F4EA6D3004D5192 /* ViewController.swift */ = {isa = PBXFileReference; lastKnownFileType = sourcecode.swift; path = ViewController.swift; sourceTree = "<group>"; };
		2DF28BC71F4EA6D3004D5192 /* Base */ = {isa = PBXFileReference; lastKnownFileType = file.storyboard; name = Base; path = Base.lproj/Main.storyboard; sourceTree = "<group>"; };
		2DF28BC91F4EA6D3004D5192 /* Assets.xcassets */ = {isa = PBXFileReference; lastKnownFileType = folder.assetcatalog; path = Assets.xcassets; sourceTree = "<group>"; };
		2DF28BCC1F4EA6D3004D5192 /* Base */ = {isa = PBXFileReference; lastKnownFileType = file.storyboard; name = Base; path = Base.lproj/LaunchScreen.storyboard; sourceTree = "<group>"; };
		2DF28BCE1F4EA6D3004D5192 /* Info.plist */ = {isa = PBXFileReference; lastKnownFileType = text.plist.xml; path = Info.plist; sourceTree = "<group>"; };
/* End PBXFileReference section */

/* Begin PBXFrameworksBuildPhase section */
		2DF28BBC1F4EA6D3004D5192 /* Frameworks */ = {
			isa = PBXFrameworksBuildPhase;
			buildActionMask = 2147483647;
			files = (
			);
			runOnlyForDeploymentPostprocessing = 0;
		};
/* End PBXFrameworksBuildPhase section */

/* Begin PBXGroup section */
		2DF28BB61F4EA6D3004D5192 = {
			isa = PBXGroup;
			children = (
				2DF28BC11F4EA6D3004D5192 /* Twitter Feed */,
				2DF28BC01F4EA6D3004D5192 /* Products */,
			);
			sourceTree = "<group>";
		};
		2DF28BC01F4EA6D3004D5192 /* Products */ = {
			isa = PBXGroup;
			children = (
				2DF28BBF1F4EA6D3004D5192 /* Twitter Feed.app */,
			);
			name = Products;
			sourceTree = "<group>";
		};
		2DF28BC11F4EA6D3004D5192 /* Twitter Feed */ = {
			isa = PBXGroup;
			children = (
				2DF28BC21F4EA6D3004D5192 /* AppDelegate.swift */,
				2DF28BC41F4EA6D3004D5192 /* ViewController.swift */,
				2DF28BC61F4EA6D3004D5192 /* Main.storyboard */,
				2D42D3321F4F014600662839 /* MyTableViewCell.swift */,
				2DF28BC91F4EA6D3004D5192 /* Assets.xcassets */,
				2DF28BCB1F4EA6D3004D5192 /* LaunchScreen.storyboard */,
				2DF28BCE1F4EA6D3004D5192 /* Info.plist */,
			);
			path = "Twitter Feed";
			sourceTree = "<group>";
		};
/* End PBXGroup section */

/* Begin PBXNativeTarget section */
		2DF28BBE1F4EA6D3004D5192 /* Twitter Feed */ = {
			isa = PBXNativeTarget;
			buildConfigurationList = 2DF28BD11F4EA6D3004D5192 /* Build configuration list for PBXNativeTarget "Twitter Feed" */;
			buildPhases = (
				2DF28BBB1F4EA6D3004D5192 /* Sources */,
				2DF28BBC1F4EA6D3004D5192 /* Frameworks */,
				2DF28BBD1F4EA6D3004D5192 /* Resources */,
			);
			buildRules = (
			);
			dependencies = (
			);
			name = "Twitter Feed";
			productName = "Twitter Feed";
			productReference = 2DF28BBF1F4EA6D3004D5192 /* Twitter Feed.app */;
			productType = "com.apple.product-type.application";
		};
/* End PBXNativeTarget section */

/* Begin PBXProject section */
		2DF28BB71F4EA6D3004D5192 /* Project object */ = {
			isa = PBXProject;
			attributes = {
				LastSwiftUpdateCheck = 0830;
				LastUpgradeCheck = 0830;
				ORGANIZATIONNAME = Johnny_L;
				TargetAttributes = {
					2DF28BBE1F4EA6D3004D5192 = {
						CreatedOnToolsVersion = 8.3.3;
						DevelopmentTeam = 9NNKG45Q2D;
						ProvisioningStyle = Automatic;
					};
				};
			};
			buildConfigurationList = 2DF28BBA1F4EA6D3004D5192 /* Build configuration list for PBXProject "Twitter Feed" */;
			compatibilityVersion = "Xcode 3.2";
			developmentRegion = English;
			hasScannedForEncodings = 0;
			knownRegions = (
				en,
				Base,
			);
			mainGroup = 2DF28BB61F4EA6D3004D5192;
			productRefGroup = 2DF28BC01F4EA6D3004D5192 /* Products */;
			projectDirPath = "";
			projectRoot = "";
			targets = (
				2DF28BBE1F4EA6D3004D5192 /* Twitter Feed */,
			);
		};
/* End PBXProject section */

/* Begin PBXResourcesBuildPhase section */
		2DF28BBD1F4EA6D3004D5192 /* Resources */ = {
			isa = PBXResourcesBuildPhase;
			buildActionMask = 2147483647;
			files = (
				2DF28BCD1F4EA6D3004D5192 /* LaunchScreen.storyboard in Resources */,
				2DF28BCA1F4EA6D3004D5192 /* Assets.xcassets in Resources */,
				2DF28BC81F4EA6D3004D5192 /* Main.storyboard in Resources */,
			);
			runOnlyForDeploymentPostprocessing = 0;
		};
/* End PBXResourcesBuildPhase section */

/* Begin PBXSourcesBuildPhase section */
		2DF28BBB1F4EA6D3004D5192 /* Sources */ = {
			isa = PBXSourcesBuildPhase;
			buildActionMask = 2147483647;
			files = (
				2DF28BC51F4EA6D3004D5192 /* ViewController.swift in Sources */,
				2DF28BC31F4EA6D3004D5192 /* AppDelegate.swift in Sources */,
				2D42D3331F4F014600662839 /* MyTableViewCell.swift in Sources */,
			);
			runOnlyForDeploymentPostprocessing = 0;
		};
/* End PBXSourcesBuildPhase section */

/* Begin PBXVariantGroup section */
		2DF28BC61F4EA6D3004D5192 /* Main.storyboard */ = {
			isa = PBXVariantGroup;
			children = (
				2DF28BC71F4EA6D3004D5192 /* Base */,
			);
			name = Main.storyboard;
			sourceTree = "<group>";
		};
		2DF28BCB1F4EA6D3004D5192 /* LaunchScreen.storyboard */ = {
			isa = PBXVariantGroup;
			children = (
				2DF28BCC1F4EA6D3004D5192 /* Base */,
			);
			name = LaunchScreen.storyboard;
			sourceTree = "<group>";
		};
/* End PBXVariantGroup section */

/* Begin XCBuildConfiguration section */
		2DF28BCF1F4EA6D3004D5192 /* Debug */ = {
			isa = XCBuildConfiguration;
			buildSettings = {
				ALWAYS_SEARCH_USER_PATHS = NO;
				CLANG_ANALYZER_NONNULL = YES;
				CLANG_ANALYZER_NUMBER_OBJECT_CONVERSION = YES_AGGRESSIVE;
				CLANG_CXX_LANGUAGE_STANDARD = "gnu++0x";
				CLANG_CXX_LIBRARY = "libc++";
				CLANG_ENABLE_MODULES = YES;
				CLANG_ENABLE_OBJC_ARC = YES;
				CLANG_WARN_BOOL_CONVERSION = YES;
				CLANG_WARN_CONSTANT_CONVERSION = YES;
				CLANG_WARN_DIRECT_OBJC_ISA_USAGE = YES_ERROR;
				CLANG_WARN_DOCUMENTATION_COMMENTS = YES;
				CLANG_WARN_EMPTY_BODY = YES;
				CLANG_WARN_ENUM_CONVERSION = YES;
				CLANG_WARN_INFINITE_RECURSION = YES;
				CLANG_WARN_INT_CONVERSION = YES;
				CLANG_WARN_OBJC_ROOT_CLASS = YES_ERROR;
				CLANG_WARN_SUSPICIOUS_MOVE = YES;
				CLANG_WARN_UNREACHABLE_CODE = YES;
				CLANG_WARN__DUPLICATE_METHOD_MATCH = YES;
				"CODE_SIGN_IDENTITY[sdk=iphoneos*]" = "iPhone Developer";
				COPY_PHASE_STRIP = NO;
				DEBUG_INFORMATION_FORMAT = dwarf;
				ENABLE_STRICT_OBJC_MSGSEND = YES;
				ENABLE_TESTABILITY = YES;
				GCC_C_LANGUAGE_STANDARD = gnu99;
				GCC_DYNAMIC_NO_PIC = NO;
				GCC_NO_COMMON_BLOCKS = YES;
				GCC_OPTIMIZATION_LEVEL = 0;
				GCC_PREPROCESSOR_DEFINITIONS = (
					"DEBUG=1",
					"$(inherited)",
				);
				GCC_WARN_64_TO_32_BIT_CONVERSION = YES;
				GCC_WARN_ABOUT_RETURN_TYPE = YES_ERROR;
				GCC_WARN_UNDECLARED_SELECTOR = YES;
				GCC_WARN_UNINITIALIZED_AUTOS = YES_AGGRESSIVE;
				GCC_WARN_UNUSED_FUNCTION = YES;
				GCC_WARN_UNUSED_VARIABLE = YES;
				IPHONEOS_DEPLOYMENT_TARGET = 10.3;
				MTL_ENABLE_DEBUG_INFO = YES;
				ONLY_ACTIVE_ARCH = YES;
				SDKROOT = iphoneos;
				SWIFT_ACTIVE_COMPILATION_CONDITIONS = DEBUG;
				SWIFT_OPTIMIZATION_LEVEL = "-Onone";
				TARGETED_DEVICE_FAMILY = "1,2";
			};
			name = Debug;
		};
		2DF28BD01F4EA6D3004D5192 /* Release */ = {
			isa = XCBuildConfiguration;
			buildSettings = {
				ALWAYS_SEARCH_USER_PATHS = NO;
				CLANG_ANALYZER_NONNULL = YES;
				CLANG_ANALYZER_NUMBER_OBJECT_CONVERSION = YES_AGGRESSIVE;
				CLANG_CXX_LANGUAGE_STANDARD = "gnu++0x";
				CLANG_CXX_LIBRARY = "libc++";
				CLANG_ENABLE_MODULES = YES;
				CLANG_ENABLE_OBJC_ARC = YES;
				CLANG_WARN_BOOL_CONVERSION = YES;
				CLANG_WARN_CONSTANT_CONVERSION = YES;
				CLANG_WARN_DIRECT_OBJC_ISA_USAGE = YES_ERROR;
				CLANG_WARN_DOCUMENTATION_COMMENTS = YES;
				CLANG_WARN_EMPTY_BODY = YES;
				CLANG_WARN_ENUM_CONVERSION = YES;
				CLANG_WARN_INFINITE_RECURSION = YES;
				CLANG_WARN_INT_CONVERSION = YES;
				CLANG_WARN_OBJC_ROOT_CLASS = YES_ERROR;
				CLANG_WARN_SUSPICIOUS_MOVE = YES;
				CLANG_WARN_UNREACHABLE_CODE = YES;
				CLANG_WARN__DUPLICATE_METHOD_MATCH = YES;
				"CODE_SIGN_IDENTITY[sdk=iphoneos*]" = "iPhone Developer";
				COPY_PHASE_STRIP = NO;
				DEBUG_INFORMATION_FORMAT = "dwarf-with-dsym";
				ENABLE_NS_ASSERTIONS = NO;
				ENABLE_STRICT_OBJC_MSGSEND = YES;
				GCC_C_LANGUAGE_STANDARD = gnu99;
				GCC_NO_COMMON_BLOCKS = YES;
				GCC_WARN_64_TO_32_BIT_CONVERSION = YES;
				GCC_WARN_ABOUT_RETURN_TYPE = YES_ERROR;
				GCC_WARN_UNDECLARED_SELECTOR = YES;
				GCC_WARN_UNINITIALIZED_AUTOS = YES_AGGRESSIVE;
				GCC_WARN_UNUSED_FUNCTION = YES;
				GCC_WARN_UNUSED_VARIABLE = YES;
				IPHONEOS_DEPLOYMENT_TARGET = 10.3;
				MTL_ENABLE_DEBUG_INFO = NO;
				SDKROOT = iphoneos;
				SWIFT_OPTIMIZATION_LEVEL = "-Owholemodule";
				TARGETED_DEVICE_FAMILY = "1,2";
				VALIDATE_PRODUCT = YES;
			};
			name = Release;
		};
		2DF28BD21F4EA6D3004D5192 /* Debug */ = {
			isa = XCBuildConfiguration;
			buildSettings = {
				ASSETCATALOG_COMPILER_APPICON_NAME = AppIcon;
				DEVELOPMENT_TEAM = 9NNKG45Q2D;
				INFOPLIST_FILE = "Twitter Feed/Info.plist";
				LD_RUNPATH_SEARCH_PATHS = "$(inherited) @executable_path/Frameworks";
				PRODUCT_BUNDLE_IDENTIFIER = "com.Johnny.Twitter-Feed";
				PRODUCT_NAME = "$(TARGET_NAME)";
				SWIFT_VERSION = 3.0;
			};
			name = Debug;
		};
		2DF28BD31F4EA6D3004D5192 /* Release */ = {
			isa = XCBuildConfiguration;
			buildSettings = {
				ASSETCATALOG_COMPILER_APPICON_NAME = AppIcon;
				DEVELOPMENT_TEAM = 9NNKG45Q2D;
				INFOPLIST_FILE = "Twitter Feed/Info.plist";
				LD_RUNPATH_SEARCH_PATHS = "$(inherited) @executable_path/Frameworks";
				PRODUCT_BUNDLE_IDENTIFIER = "com.Johnny.Twitter-Feed";
				PRODUCT_NAME = "$(TARGET_NAME)";
				SWIFT_VERSION = 3.0;
			};
			name = Release;
		};
/* End XCBuildConfiguration section */

/* Begin XCConfigurationList section */
		2DF28BBA1F4EA6D3004D5192 /* Build configuration list for PBXProject "Twitter Feed" */ = {
			isa = XCConfigurationList;
			buildConfigurations = (
				2DF28BCF1F4EA6D3004D5192 /* Debug */,
				2DF28BD01F4EA6D3004D5192 /* Release */,
			);
			defaultConfigurationIsVisible = 0;
			defaultConfigurationName = Release;
		};
		2DF28BD11F4EA6D3004D5192 /* Build configuration list for PBXNativeTarget "Twitter Feed" */ = {
			isa = XCConfigurationList;
			buildConfigurations = (
				2DF28BD21F4EA6D3004D5192 /* Debug */,
				2DF28BD31F4EA6D3004D5192 /* Release */,
			);
			defaultConfigurationIsVisible = 0;
			defaultConfigurationName = Release;
		};
/* End XCConfigurationList section */
	};
	rootObject = 2DF28BB71F4EA6D3004D5192 /* Project object */;
}
