// !$*UTF8*$!
{
	archiveVersion = 1;
	classes = {
	};
	objectVersion = 46;
	objects = {

/* Begin PBXBuildFile section */
		2D7606EC1F5395ED0072C0F0 /* AppDelegate.swift in Sources */ = {isa = PBXBuildFile; fileRef = 2D7606EB1F5395ED0072C0F0 /* AppDelegate.swift */; };
		2D7606EE1F5395ED0072C0F0 /* ViewController.swift in Sources */ = {isa = PBXBuildFile; fileRef = 2D7606ED1F5395ED0072C0F0 /* ViewController.swift */; };
		2D7606F11F5395ED0072C0F0 /* Main.storyboard in Resources */ = {isa = PBXBuildFile; fileRef = 2D7606EF1F5395ED0072C0F0 /* Main.storyboard */; };
		2D7606F31F5395ED0072C0F0 /* Assets.xcassets in Resources */ = {isa = PBXBuildFile; fileRef = 2D7606F21F5395ED0072C0F0 /* Assets.xcassets */; };
		2D7606F61F5395ED0072C0F0 /* LaunchScreen.storyboard in Resources */ = {isa = PBXBuildFile; fileRef = 2D7606F41F5395ED0072C0F0 /* LaunchScreen.storyboard */; };
/* End PBXBuildFile section */

/* Begin PBXFileReference section */
		2D7606E81F5395ED0072C0F0 /* Accelerometer.app */ = {isa = PBXFileReference; explicitFileType = wrapper.application; includeInIndex = 0; path = Accelerometer.app; sourceTree = BUILT_PRODUCTS_DIR; };
		2D7606EB1F5395ED0072C0F0 /* AppDelegate.swift */ = {isa = PBXFileReference; lastKnownFileType = sourcecode.swift; path = AppDelegate.swift; sourceTree = "<group>"; };
		2D7606ED1F5395ED0072C0F0 /* ViewController.swift */ = {isa = PBXFileReference; lastKnownFileType = sourcecode.swift; path = ViewController.swift; sourceTree = "<group>"; };
		2D7606F01F5395ED0072C0F0 /* Base */ = {isa = PBXFileReference; lastKnownFileType = file.storyboard; name = Base; path = Base.lproj/Main.storyboard; sourceTree = "<group>"; };
		2D7606F21F5395ED0072C0F0 /* Assets.xcassets */ = {isa = PBXFileReference; lastKnownFileType = folder.assetcatalog; path = Assets.xcassets; sourceTree = "<group>"; };
		2D7606F51F5395ED0072C0F0 /* Base */ = {isa = PBXFileReference; lastKnownFileType = file.storyboard; name = Base; path = Base.lproj/LaunchScreen.storyboard; sourceTree = "<group>"; };
		2D7606F71F5395ED0072C0F0 /* Info.plist */ = {isa = PBXFileReference; lastKnownFileType = text.plist.xml; path = Info.plist; sourceTree = "<group>"; };
/* End PBXFileReference section */

/* Begin PBXFrameworksBuildPhase section */
		2D7606E51F5395ED0072C0F0 /* Frameworks */ = {
			isa = PBXFrameworksBuildPhase;
			buildActionMask = 2147483647;
			files = (
			);
			runOnlyForDeploymentPostprocessing = 0;
		};
/* End PBXFrameworksBuildPhase section */

/* Begin PBXGroup section */
		2D7606DF1F5395ED0072C0F0 = {
			isa = PBXGroup;
			children = (
				2D7606EA1F5395ED0072C0F0 /* Accelerometer */,
				2D7606E91F5395ED0072C0F0 /* Products */,
			);
			sourceTree = "<group>";
		};
		2D7606E91F5395ED0072C0F0 /* Products */ = {
			isa = PBXGroup;
			children = (
				2D7606E81F5395ED0072C0F0 /* Accelerometer.app */,
			);
			name = Products;
			sourceTree = "<group>";
		};
		2D7606EA1F5395ED0072C0F0 /* Accelerometer */ = {
			isa = PBXGroup;
			children = (
				2D7606EB1F5395ED0072C0F0 /* AppDelegate.swift */,
				2D7606ED1F5395ED0072C0F0 /* ViewController.swift */,
				2D7606EF1F5395ED0072C0F0 /* Main.storyboard */,
				2D7606F21F5395ED0072C0F0 /* Assets.xcassets */,
				2D7606F41F5395ED0072C0F0 /* LaunchScreen.storyboard */,
				2D7606F71F5395ED0072C0F0 /* Info.plist */,
			);
			path = Accelerometer;
			sourceTree = "<group>";
		};
/* End PBXGroup section */

/* Begin PBXNativeTarget section */
		2D7606E71F5395ED0072C0F0 /* Accelerometer */ = {
			isa = PBXNativeTarget;
			buildConfigurationList = 2D7606FA1F5395ED0072C0F0 /* Build configuration list for PBXNativeTarget "Accelerometer" */;
			buildPhases = (
				2D7606E41F5395ED0072C0F0 /* Sources */,
				2D7606E51F5395ED0072C0F0 /* Frameworks */,
				2D7606E61F5395ED0072C0F0 /* Resources */,
			);
			buildRules = (
			);
			dependencies = (
			);
			name = Accelerometer;
			productName = Accelerometer;
			productReference = 2D7606E81F5395ED0072C0F0 /* Accelerometer.app */;
			productType = "com.apple.product-type.application";
		};
/* End PBXNativeTarget section */

/* Begin PBXProject section */
		2D7606E01F5395ED0072C0F0 /* Project object */ = {
			isa = PBXProject;
			attributes = {
				LastSwiftUpdateCheck = 0830;
				LastUpgradeCheck = 0830;
				ORGANIZATIONNAME = Johnny_L;
				TargetAttributes = {
					2D7606E71F5395ED0072C0F0 = {
						CreatedOnToolsVersion = 8.3.3;
						DevelopmentTeam = 9NNKG45Q2D;
						ProvisioningStyle = Automatic;
					};
				};
			};
			buildConfigurationList = 2D7606E31F5395ED0072C0F0 /* Build configuration list for PBXProject "Accelerometer" */;
			compatibilityVersion = "Xcode 3.2";
			developmentRegion = English;
			hasScannedForEncodings = 0;
			knownRegions = (
				en,
				Base,
			);
			mainGroup = 2D7606DF1F5395ED0072C0F0;
			productRefGroup = 2D7606E91F5395ED0072C0F0 /* Products */;
			projectDirPath = "";
			projectRoot = "";
			targets = (
				2D7606E71F5395ED0072C0F0 /* Accelerometer */,
			);
		};
/* End PBXProject section */

/* Begin PBXResourcesBuildPhase section */
		2D7606E61F5395ED0072C0F0 /* Resources */ = {
			isa = PBXResourcesBuildPhase;
			buildActionMask = 2147483647;
			files = (
				2D7606F61F5395ED0072C0F0 /* LaunchScreen.storyboard in Resources */,
				2D7606F31F5395ED0072C0F0 /* Assets.xcassets in Resources */,
				2D7606F11F5395ED0072C0F0 /* Main.storyboard in Resources */,
			);
			runOnlyForDeploymentPostprocessing = 0;
		};
/* End PBXResourcesBuildPhase section */

/* Begin PBXSourcesBuildPhase section */
		2D7606E41F5395ED0072C0F0 /* Sources */ = {
			isa = PBXSourcesBuildPhase;
			buildActionMask = 2147483647;
			files = (
				2D7606EE1F5395ED0072C0F0 /* ViewController.swift in Sources */,
				2D7606EC1F5395ED0072C0F0 /* AppDelegate.swift in Sources */,
			);
			runOnlyForDeploymentPostprocessing = 0;
		};
/* End PBXSourcesBuildPhase section */

/* Begin PBXVariantGroup section */
		2D7606EF1F5395ED0072C0F0 /* Main.storyboard */ = {
			isa = PBXVariantGroup;
			children = (
				2D7606F01F5395ED0072C0F0 /* Base */,
			);
			name = Main.storyboard;
			sourceTree = "<group>";
		};
		2D7606F41F5395ED0072C0F0 /* LaunchScreen.storyboard */ = {
			isa = PBXVariantGroup;
			children = (
				2D7606F51F5395ED0072C0F0 /* Base */,
			);
			name = LaunchScreen.storyboard;
			sourceTree = "<group>";
		};
/* End PBXVariantGroup section */

/* Begin XCBuildConfiguration section */
		2D7606F81F5395ED0072C0F0 /* Debug */ = {
			isa = XCBuildConfiguration;
			buildSettings = {
				ALWAYS_SEARCH_USER_PATHS = NO;
				CLANG_ANALYZER_NONNULL = YES;
				CLANG_ANALYZER_NUMBER_OBJECT_CONVERSION = YES_AGGRESSIVE;
				CLANG_CXX_LANGUAGE_STANDARD = "gnu++0x";
				CLANG_CXX_LIBRARY = "libc++";
				CLANG_ENABLE_MODULES = YES;
				CLANG_ENABLE_OBJC_ARC = YES;
				CLANG_WARN_BOOL_CONVERSION = YES;
				CLANG_WARN_CONSTANT_CONVERSION = YES;
				CLANG_WARN_DIRECT_OBJC_ISA_USAGE = YES_ERROR;
				CLANG_WARN_DOCUMENTATION_COMMENTS = YES;
				CLANG_WARN_EMPTY_BODY = YES;
				CLANG_WARN_ENUM_CONVERSION = YES;
				CLANG_WARN_INFINITE_RECURSION = YES;
				CLANG_WARN_INT_CONVERSION = YES;
				CLANG_WARN_OBJC_ROOT_CLASS = YES_ERROR;
				CLANG_WARN_SUSPICIOUS_MOVE = YES;
				CLANG_WARN_UNREACHABLE_CODE = YES;
				CLANG_WARN__DUPLICATE_METHOD_MATCH = YES;
				"CODE_SIGN_IDENTITY[sdk=iphoneos*]" = "iPhone Developer";
				COPY_PHASE_STRIP = NO;
				DEBUG_INFORMATION_FORMAT = dwarf;
				ENABLE_STRICT_OBJC_MSGSEND = YES;
				ENABLE_TESTABILITY = YES;
				GCC_C_LANGUAGE_STANDARD = gnu99;
				GCC_DYNAMIC_NO_PIC = NO;
				GCC_NO_COMMON_BLOCKS = YES;
				GCC_OPTIMIZATION_LEVEL = 0;
				GCC_PREPROCESSOR_DEFINITIONS = (
					"DEBUG=1",
					"$(inherited)",
				);
				GCC_WARN_64_TO_32_BIT_CONVERSION = YES;
				GCC_WARN_ABOUT_RETURN_TYPE = YES_ERROR;
				GCC_WARN_UNDECLARED_SELECTOR = YES;
				GCC_WARN_UNINITIALIZED_AUTOS = YES_AGGRESSIVE;
				GCC_WARN_UNUSED_FUNCTION = YES;
				GCC_WARN_UNUSED_VARIABLE = YES;
				IPHONEOS_DEPLOYMENT_TARGET = 10.3;
				MTL_ENABLE_DEBUG_INFO = YES;
				ONLY_ACTIVE_ARCH = YES;
				SDKROOT = iphoneos;
				SWIFT_ACTIVE_COMPILATION_CONDITIONS = DEBUG;
				SWIFT_OPTIMIZATION_LEVEL = "-Onone";
				TARGETED_DEVICE_FAMILY = "1,2";
			};
			name = Debug;
		};
		2D7606F91F5395ED0072C0F0 /* Release */ = {
			isa = XCBuildConfiguration;
			buildSettings = {
				ALWAYS_SEARCH_USER_PATHS = NO;
				CLANG_ANALYZER_NONNULL = YES;
				CLANG_ANALYZER_NUMBER_OBJECT_CONVERSION = YES_AGGRESSIVE;
				CLANG_CXX_LANGUAGE_STANDARD = "gnu++0x";
				CLANG_CXX_LIBRARY = "libc++";
				CLANG_ENABLE_MODULES = YES;
				CLANG_ENABLE_OBJC_ARC = YES;
				CLANG_WARN_BOOL_CONVERSION = YES;
				CLANG_WARN_CONSTANT_CONVERSION = YES;
				CLANG_WARN_DIRECT_OBJC_ISA_USAGE = YES_ERROR;
				CLANG_WARN_DOCUMENTATION_COMMENTS = YES;
				CLANG_WARN_EMPTY_BODY = YES;
				CLANG_WARN_ENUM_CONVERSION = YES;
				CLANG_WARN_INFINITE_RECURSION = YES;
				CLANG_WARN_INT_CONVERSION = YES;
				CLANG_WARN_OBJC_ROOT_CLASS = YES_ERROR;
				CLANG_WARN_SUSPICIOUS_MOVE = YES;
				CLANG_WARN_UNREACHABLE_CODE = YES;
				CLANG_WARN__DUPLICATE_METHOD_MATCH = YES;
				"CODE_SIGN_IDENTITY[sdk=iphoneos*]" = "iPhone Developer";
				COPY_PHASE_STRIP = NO;
				DEBUG_INFORMATION_FORMAT = "dwarf-with-dsym";
				ENABLE_NS_ASSERTIONS = NO;
				ENABLE_STRICT_OBJC_MSGSEND = YES;
				GCC_C_LANGUAGE_STANDARD = gnu99;
				GCC_NO_COMMON_BLOCKS = YES;
				GCC_WARN_64_TO_32_BIT_CONVERSION = YES;
				GCC_WARN_ABOUT_RETURN_TYPE = YES_ERROR;
				GCC_WARN_UNDECLARED_SELECTOR = YES;
				GCC_WARN_UNINITIALIZED_AUTOS = YES_AGGRESSIVE;
				GCC_WARN_UNUSED_FUNCTION = YES;
				GCC_WARN_UNUSED_VARIABLE = YES;
				IPHONEOS_DEPLOYMENT_TARGET = 10.3;
				MTL_ENABLE_DEBUG_INFO = NO;
				SDKROOT = iphoneos;
				SWIFT_OPTIMIZATION_LEVEL = "-Owholemodule";
				TARGETED_DEVICE_FAMILY = "1,2";
				VALIDATE_PRODUCT = YES;
			};
			name = Release;
		};
		2D7606FB1F5395ED0072C0F0 /* Debug */ = {
			isa = XCBuildConfiguration;
			buildSettings = {
				ASSETCATALOG_COMPILER_APPICON_NAME = AppIcon;
				DEVELOPMENT_TEAM = 9NNKG45Q2D;
				INFOPLIST_FILE = Accelerometer/Info.plist;
				LD_RUNPATH_SEARCH_PATHS = "$(inherited) @executable_path/Frameworks";
				PRODUCT_BUNDLE_IDENTIFIER = com.Johnny.Accelerometer;
				PRODUCT_NAME = "$(TARGET_NAME)";
				SWIFT_VERSION = 3.0;
			};
			name = Debug;
		};
		2D7606FC1F5395ED0072C0F0 /* Release */ = {
			isa = XCBuildConfiguration;
			buildSettings = {
				ASSETCATALOG_COMPILER_APPICON_NAME = AppIcon;
				DEVELOPMENT_TEAM = 9NNKG45Q2D;
				INFOPLIST_FILE = Accelerometer/Info.plist;
				LD_RUNPATH_SEARCH_PATHS = "$(inherited) @executable_path/Frameworks";
				PRODUCT_BUNDLE_IDENTIFIER = com.Johnny.Accelerometer;
				PRODUCT_NAME = "$(TARGET_NAME)";
				SWIFT_VERSION = 3.0;
			};
			name = Release;
		};
/* End XCBuildConfiguration section */

/* Begin XCConfigurationList section */
		2D7606E31F5395ED0072C0F0 /* Build configuration list for PBXProject "Accelerometer" */ = {
			isa = XCConfigurationList;
			buildConfigurations = (
				2D7606F81F5395ED0072C0F0 /* Debug */,
				2D7606F91F5395ED0072C0F0 /* Release */,
			);
			defaultConfigurationIsVisible = 0;
			defaultConfigurationName = Release;
		};
		2D7606FA1F5395ED0072C0F0 /* Build configuration list for PBXNativeTarget "Accelerometer" */ = {
			isa = XCConfigurationList;
			buildConfigurations = (
				2D7606FB1F5395ED0072C0F0 /* Debug */,
				2D7606FC1F5395ED0072C0F0 /* Release */,
			);
			defaultConfigurationIsVisible = 0;
		};
/* End XCConfigurationList section */
	};
	rootObject = 2D7606E01F5395ED0072C0F0 /* Project object */;
}
