// !$*UTF8*$!
{
	archiveVersion = 1;
	classes = {
	};
	objectVersion = 46;
	objects = {

/* Begin PBXBuildFile section */
		2DA982A21F459FCA0048C501 /* AppDelegate.swift in Sources */ = {isa = PBXBuildFile; fileRef = 2DA982A11F459FCA0048C501 /* AppDelegate.swift */; };
		2DA982A41F459FCA0048C501 /* ViewController.swift in Sources */ = {isa = PBXBuildFile; fileRef = 2DA982A31F459FCA0048C501 /* ViewController.swift */; };
		2DA982A71F459FCA0048C501 /* Main.storyboard in Resources */ = {isa = PBXBuildFile; fileRef = 2DA982A51F459FCA0048C501 /* Main.storyboard */; };
		2DA982A91F459FCA0048C501 /* Assets.xcassets in Resources */ = {isa = PBXBuildFile; fileRef = 2DA982A81F459FCA0048C501 /* Assets.xcassets */; };
		2DA982AC1F459FCA0048C501 /* LaunchScreen.storyboard in Resources */ = {isa = PBXBuildFile; fileRef = 2DA982AA1F459FCA0048C501 /* LaunchScreen.storyboard */; };
/* End PBXBuildFile section */

/* Begin PBXFileReference section */
		2DA9829E1F459FCA0048C501 /* reorderCell.app */ = {isa = PBXFileReference; explicitFileType = wrapper.application; includeInIndex = 0; path = reorderCell.app; sourceTree = BUILT_PRODUCTS_DIR; };
		2DA982A11F459FCA0048C501 /* AppDelegate.swift */ = {isa = PBXFileReference; lastKnownFileType = sourcecode.swift; path = AppDelegate.swift; sourceTree = "<group>"; };
		2DA982A31F459FCA0048C501 /* ViewController.swift */ = {isa = PBXFileReference; lastKnownFileType = sourcecode.swift; path = ViewController.swift; sourceTree = "<group>"; };
		2DA982A61F459FCA0048C501 /* Base */ = {isa = PBXFileReference; lastKnownFileType = file.storyboard; name = Base; path = Base.lproj/Main.storyboard; sourceTree = "<group>"; };
		2DA982A81F459FCA0048C501 /* Assets.xcassets */ = {isa = PBXFileReference; lastKnownFileType = folder.assetcatalog; path = Assets.xcassets; sourceTree = "<group>"; };
		2DA982AB1F459FCA0048C501 /* Base */ = {isa = PBXFileReference; lastKnownFileType = file.storyboard; name = Base; path = Base.lproj/LaunchScreen.storyboard; sourceTree = "<group>"; };
		2DA982AD1F459FCA0048C501 /* Info.plist */ = {isa = PBXFileReference; lastKnownFileType = text.plist.xml; path = Info.plist; sourceTree = "<group>"; };
/* End PBXFileReference section */

/* Begin PBXFrameworksBuildPhase section */
		2DA9829B1F459FCA0048C501 /* Frameworks */ = {
			isa = PBXFrameworksBuildPhase;
			buildActionMask = 2147483647;
			files = (
			);
			runOnlyForDeploymentPostprocessing = 0;
		};
/* End PBXFrameworksBuildPhase section */

/* Begin PBXGroup section */
		2DA982951F459FCA0048C501 = {
			isa = PBXGroup;
			children = (
				2DA982A01F459FCA0048C501 /* reorderCell */,
				2DA9829F1F459FCA0048C501 /* Products */,
			);
			sourceTree = "<group>";
		};
		2DA9829F1F459FCA0048C501 /* Products */ = {
			isa = PBXGroup;
			children = (
				2DA9829E1F459FCA0048C501 /* reorderCell.app */,
			);
			name = Products;
			sourceTree = "<group>";
		};
		2DA982A01F459FCA0048C501 /* reorderCell */ = {
			isa = PBXGroup;
			children = (
				2DA982A11F459FCA0048C501 /* AppDelegate.swift */,
				2DA982A31F459FCA0048C501 /* ViewController.swift */,
				2DA982A51F459FCA0048C501 /* Main.storyboard */,
				2DA982A81F459FCA0048C501 /* Assets.xcassets */,
				2DA982AA1F459FCA0048C501 /* LaunchScreen.storyboard */,
				2DA982AD1F459FCA0048C501 /* Info.plist */,
			);
			path = reorderCell;
			sourceTree = "<group>";
		};
/* End PBXGroup section */

/* Begin PBXNativeTarget section */
		2DA9829D1F459FCA0048C501 /* reorderCell */ = {
			isa = PBXNativeTarget;
			buildConfigurationList = 2DA982B01F459FCA0048C501 /* Build configuration list for PBXNativeTarget "reorderCell" */;
			buildPhases = (
				2DA9829A1F459FCA0048C501 /* Sources */,
				2DA9829B1F459FCA0048C501 /* Frameworks */,
				2DA9829C1F459FCA0048C501 /* Resources */,
			);
			buildRules = (
			);
			dependencies = (
			);
			name = reorderCell;
			productName = reorderCell;
			productReference = 2DA9829E1F459FCA0048C501 /* reorderCell.app */;
			productType = "com.apple.product-type.application";
		};
/* End PBXNativeTarget section */

/* Begin PBXProject section */
		2DA982961F459FCA0048C501 /* Project object */ = {
			isa = PBXProject;
			attributes = {
				LastSwiftUpdateCheck = 0830;
				LastUpgradeCheck = 0830;
				ORGANIZATIONNAME = Johnny_L;
				TargetAttributes = {
					2DA9829D1F459FCA0048C501 = {
						CreatedOnToolsVersion = 8.3.3;
						DevelopmentTeam = 9NNKG45Q2D;
						ProvisioningStyle = Automatic;
					};
				};
			};
			buildConfigurationList = 2DA982991F459FCA0048C501 /* Build configuration list for PBXProject "reorderCell" */;
			compatibilityVersion = "Xcode 3.2";
			developmentRegion = English;
			hasScannedForEncodings = 0;
			knownRegions = (
				en,
				Base,
			);
			mainGroup = 2DA982951F459FCA0048C501;
			productRefGroup = 2DA9829F1F459FCA0048C501 /* Products */;
			projectDirPath = "";
			projectRoot = "";
			targets = (
				2DA9829D1F459FCA0048C501 /* reorderCell */,
			);
		};
/* End PBXProject section */

/* Begin PBXResourcesBuildPhase section */
		2DA9829C1F459FCA0048C501 /* Resources */ = {
			isa = PBXResourcesBuildPhase;
			buildActionMask = 2147483647;
			files = (
				2DA982AC1F459FCA0048C501 /* LaunchScreen.storyboard in Resources */,
				2DA982A91F459FCA0048C501 /* Assets.xcassets in Resources */,
				2DA982A71F459FCA0048C501 /* Main.storyboard in Resources */,
			);
			runOnlyForDeploymentPostprocessing = 0;
		};
/* End PBXResourcesBuildPhase section */

/* Begin PBXSourcesBuildPhase section */
		2DA9829A1F459FCA0048C501 /* Sources */ = {
			isa = PBXSourcesBuildPhase;
			buildActionMask = 2147483647;
			files = (
				2DA982A41F459FCA0048C501 /* ViewController.swift in Sources */,
				2DA982A21F459FCA0048C501 /* AppDelegate.swift in Sources */,
			);
			runOnlyForDeploymentPostprocessing = 0;
		};
/* End PBXSourcesBuildPhase section */

/* Begin PBXVariantGroup section */
		2DA982A51F459FCA0048C501 /* Main.storyboard */ = {
			isa = PBXVariantGroup;
			children = (
				2DA982A61F459FCA0048C501 /* Base */,
			);
			name = Main.storyboard;
			sourceTree = "<group>";
		};
		2DA982AA1F459FCA0048C501 /* LaunchScreen.storyboard */ = {
			isa = PBXVariantGroup;
			children = (
				2DA982AB1F459FCA0048C501 /* Base */,
			);
			name = LaunchScreen.storyboard;
			sourceTree = "<group>";
		};
/* End PBXVariantGroup section */

/* Begin XCBuildConfiguration section */
		2DA982AE1F459FCA0048C501 /* Debug */ = {
			isa = XCBuildConfiguration;
			buildSettings = {
				ALWAYS_SEARCH_USER_PATHS = NO;
				CLANG_ANALYZER_NONNULL = YES;
				CLANG_ANALYZER_NUMBER_OBJECT_CONVERSION = YES_AGGRESSIVE;
				CLANG_CXX_LANGUAGE_STANDARD = "gnu++0x";
				CLANG_CXX_LIBRARY = "libc++";
				CLANG_ENABLE_MODULES = YES;
				CLANG_ENABLE_OBJC_ARC = YES;
				CLANG_WARN_BOOL_CONVERSION = YES;
				CLANG_WARN_CONSTANT_CONVERSION = YES;
				CLANG_WARN_DIRECT_OBJC_ISA_USAGE = YES_ERROR;
				CLANG_WARN_DOCUMENTATION_COMMENTS = YES;
				CLANG_WARN_EMPTY_BODY = YES;
				CLANG_WARN_ENUM_CONVERSION = YES;
				CLANG_WARN_INFINITE_RECURSION = YES;
				CLANG_WARN_INT_CONVERSION = YES;
				CLANG_WARN_OBJC_ROOT_CLASS = YES_ERROR;
				CLANG_WARN_SUSPICIOUS_MOVE = YES;
				CLANG_WARN_UNREACHABLE_CODE = YES;
				CLANG_WARN__DUPLICATE_METHOD_MATCH = YES;
				"CODE_SIGN_IDENTITY[sdk=iphoneos*]" = "iPhone Developer";
				COPY_PHASE_STRIP = NO;
				DEBUG_INFORMATION_FORMAT = dwarf;
				ENABLE_STRICT_OBJC_MSGSEND = YES;
				ENABLE_TESTABILITY = YES;
				GCC_C_LANGUAGE_STANDARD = gnu99;
				GCC_DYNAMIC_NO_PIC = NO;
				GCC_NO_COMMON_BLOCKS = YES;
				GCC_OPTIMIZATION_LEVEL = 0;
				GCC_PREPROCESSOR_DEFINITIONS = (
					"DEBUG=1",
					"$(inherited)",
				);
				GCC_WARN_64_TO_32_BIT_CONVERSION = YES;
				GCC_WARN_ABOUT_RETURN_TYPE = YES_ERROR;
				GCC_WARN_UNDECLARED_SELECTOR = YES;
				GCC_WARN_UNINITIALIZED_AUTOS = YES_AGGRESSIVE;
				GCC_WARN_UNUSED_FUNCTION = YES;
				GCC_WARN_UNUSED_VARIABLE = YES;
				IPHONEOS_DEPLOYMENT_TARGET = 10.3;
				MTL_ENABLE_DEBUG_INFO = YES;
				ONLY_ACTIVE_ARCH = YES;
				SDKROOT = iphoneos;
				SWIFT_ACTIVE_COMPILATION_CONDITIONS = DEBUG;
				SWIFT_OPTIMIZATION_LEVEL = "-Onone";
				TARGETED_DEVICE_FAMILY = "1,2";
			};
			name = Debug;
		};
		2DA982AF1F459FCA0048C501 /* Release */ = {
			isa = XCBuildConfiguration;
			buildSettings = {
				ALWAYS_SEARCH_USER_PATHS = NO;
				CLANG_ANALYZER_NONNULL = YES;
				CLANG_ANALYZER_NUMBER_OBJECT_CONVERSION = YES_AGGRESSIVE;
				CLANG_CXX_LANGUAGE_STANDARD = "gnu++0x";
				CLANG_CXX_LIBRARY = "libc++";
				CLANG_ENABLE_MODULES = YES;
				CLANG_ENABLE_OBJC_ARC = YES;
				CLANG_WARN_BOOL_CONVERSION = YES;
				CLANG_WARN_CONSTANT_CONVERSION = YES;
				CLANG_WARN_DIRECT_OBJC_ISA_USAGE = YES_ERROR;
				CLANG_WARN_DOCUMENTATION_COMMENTS = YES;
				CLANG_WARN_EMPTY_BODY = YES;
				CLANG_WARN_ENUM_CONVERSION = YES;
				CLANG_WARN_INFINITE_RECURSION = YES;
				CLANG_WARN_INT_CONVERSION = YES;
				CLANG_WARN_OBJC_ROOT_CLASS = YES_ERROR;
				CLANG_WARN_SUSPICIOUS_MOVE = YES;
				CLANG_WARN_UNREACHABLE_CODE = YES;
				CLANG_WARN__DUPLICATE_METHOD_MATCH = YES;
				"CODE_SIGN_IDENTITY[sdk=iphoneos*]" = "iPhone Developer";
				COPY_PHASE_STRIP = NO;
				DEBUG_INFORMATION_FORMAT = "dwarf-with-dsym";
				ENABLE_NS_ASSERTIONS = NO;
				ENABLE_STRICT_OBJC_MSGSEND = YES;
				GCC_C_LANGUAGE_STANDARD = gnu99;
				GCC_NO_COMMON_BLOCKS = YES;
				GCC_WARN_64_TO_32_BIT_CONVERSION = YES;
				GCC_WARN_ABOUT_RETURN_TYPE = YES_ERROR;
				GCC_WARN_UNDECLARED_SELECTOR = YES;
				GCC_WARN_UNINITIALIZED_AUTOS = YES_AGGRESSIVE;
				GCC_WARN_UNUSED_FUNCTION = YES;
				GCC_WARN_UNUSED_VARIABLE = YES;
				IPHONEOS_DEPLOYMENT_TARGET = 10.3;
				MTL_ENABLE_DEBUG_INFO = NO;
				SDKROOT = iphoneos;
				SWIFT_OPTIMIZATION_LEVEL = "-Owholemodule";
				TARGETED_DEVICE_FAMILY = "1,2";
				VALIDATE_PRODUCT = YES;
			};
			name = Release;
		};
		2DA982B11F459FCA0048C501 /* Debug */ = {
			isa = XCBuildConfiguration;
			buildSettings = {
				ASSETCATALOG_COMPILER_APPICON_NAME = AppIcon;
				DEVELOPMENT_TEAM = 9NNKG45Q2D;
				INFOPLIST_FILE = reorderCell/Info.plist;
				LD_RUNPATH_SEARCH_PATHS = "$(inherited) @executable_path/Frameworks";
				PRODUCT_BUNDLE_IDENTIFIER = com.Johnny.reorderCell;
				PRODUCT_NAME = "$(TARGET_NAME)";
				SWIFT_VERSION = 3.0;
			};
			name = Debug;
		};
		2DA982B21F459FCA0048C501 /* Release */ = {
			isa = XCBuildConfiguration;
			buildSettings = {
				ASSETCATALOG_COMPILER_APPICON_NAME = AppIcon;
				DEVELOPMENT_TEAM = 9NNKG45Q2D;
				INFOPLIST_FILE = reorderCell/Info.plist;
				LD_RUNPATH_SEARCH_PATHS = "$(inherited) @executable_path/Frameworks";
				PRODUCT_BUNDLE_IDENTIFIER = com.Johnny.reorderCell;
				PRODUCT_NAME = "$(TARGET_NAME)";
				SWIFT_VERSION = 3.0;
			};
			name = Release;
		};
/* End XCBuildConfiguration section */

/* Begin XCConfigurationList section */
		2DA982991F459FCA0048C501 /* Build configuration list for PBXProject "reorderCell" */ = {
			isa = XCConfigurationList;
			buildConfigurations = (
				2DA982AE1F459FCA0048C501 /* Debug */,
				2DA982AF1F459FCA0048C501 /* Release */,
			);
			defaultConfigurationIsVisible = 0;
			defaultConfigurationName = Release;
		};
		2DA982B01F459FCA0048C501 /* Build configuration list for PBXNativeTarget "reorderCell" */ = {
			isa = XCConfigurationList;
			buildConfigurations = (
				2DA982B11F459FCA0048C501 /* Debug */,
				2DA982B21F459FCA0048C501 /* Release */,
			);
			defaultConfigurationIsVisible = 0;
		};
/* End XCConfigurationList section */
	};
	rootObject = 2DA982961F459FCA0048C501 /* Project object */;
}
