// !$*UTF8*$!
{
	archiveVersion = 1;
	classes = {
	};
	objectVersion = 46;
	objects = {

/* Begin PBXBuildFile section */
		2D6836891F55879C002F3B18 /* AppDelegate.swift in Sources */ = {isa = PBXBuildFile; fileRef = 2D6836881F55879C002F3B18 /* AppDelegate.swift */; };
		2D68368B1F55879C002F3B18 /* ViewController.swift in Sources */ = {isa = PBXBuildFile; fileRef = 2D68368A1F55879C002F3B18 /* ViewController.swift */; };
		2D68368E1F55879C002F3B18 /* Main.storyboard in Resources */ = {isa = PBXBuildFile; fileRef = 2D68368C1F55879C002F3B18 /* Main.storyboard */; };
		2D6836901F55879C002F3B18 /* Assets.xcassets in Resources */ = {isa = PBXBuildFile; fileRef = 2D68368F1F55879C002F3B18 /* Assets.xcassets */; };
		2D6836931F55879C002F3B18 /* LaunchScreen.storyboard in Resources */ = {isa = PBXBuildFile; fileRef = 2D6836911F55879C002F3B18 /* LaunchScreen.storyboard */; };
/* End PBXBuildFile section */

/* Begin PBXFileReference section */
		2D6836851F55879C002F3B18 /* LongPressGestureRecogniser.app */ = {isa = PBXFileReference; explicitFileType = wrapper.application; includeInIndex = 0; path = LongPressGestureRecogniser.app; sourceTree = BUILT_PRODUCTS_DIR; };
		2D6836881F55879C002F3B18 /* AppDelegate.swift */ = {isa = PBXFileReference; lastKnownFileType = sourcecode.swift; path = AppDelegate.swift; sourceTree = "<group>"; };
		2D68368A1F55879C002F3B18 /* ViewController.swift */ = {isa = PBXFileReference; lastKnownFileType = sourcecode.swift; path = ViewController.swift; sourceTree = "<group>"; };
		2D68368D1F55879C002F3B18 /* Base */ = {isa = PBXFileReference; lastKnownFileType = file.storyboard; name = Base; path = Base.lproj/Main.storyboard; sourceTree = "<group>"; };
		2D68368F1F55879C002F3B18 /* Assets.xcassets */ = {isa = PBXFileReference; lastKnownFileType = folder.assetcatalog; path = Assets.xcassets; sourceTree = "<group>"; };
		2D6836921F55879C002F3B18 /* Base */ = {isa = PBXFileReference; lastKnownFileType = file.storyboard; name = Base; path = Base.lproj/LaunchScreen.storyboard; sourceTree = "<group>"; };
		2D6836941F55879C002F3B18 /* Info.plist */ = {isa = PBXFileReference; lastKnownFileType = text.plist.xml; path = Info.plist; sourceTree = "<group>"; };
/* End PBXFileReference section */

/* Begin PBXFrameworksBuildPhase section */
		2D6836821F55879C002F3B18 /* Frameworks */ = {
			isa = PBXFrameworksBuildPhase;
			buildActionMask = 2147483647;
			files = (
			);
			runOnlyForDeploymentPostprocessing = 0;
		};
/* End PBXFrameworksBuildPhase section */

/* Begin PBXGroup section */
		2D68367C1F55879C002F3B18 = {
			isa = PBXGroup;
			children = (
				2D6836871F55879C002F3B18 /* LongPressGestureRecogniser */,
				2D6836861F55879C002F3B18 /* Products */,
			);
			sourceTree = "<group>";
		};
		2D6836861F55879C002F3B18 /* Products */ = {
			isa = PBXGroup;
			children = (
				2D6836851F55879C002F3B18 /* LongPressGestureRecogniser.app */,
			);
			name = Products;
			sourceTree = "<group>";
		};
		2D6836871F55879C002F3B18 /* LongPressGestureRecogniser */ = {
			isa = PBXGroup;
			children = (
				2D6836881F55879C002F3B18 /* AppDelegate.swift */,
				2D68368A1F55879C002F3B18 /* ViewController.swift */,
				2D68368C1F55879C002F3B18 /* Main.storyboard */,
				2D68368F1F55879C002F3B18 /* Assets.xcassets */,
				2D6836911F55879C002F3B18 /* LaunchScreen.storyboard */,
				2D6836941F55879C002F3B18 /* Info.plist */,
			);
			path = LongPressGestureRecogniser;
			sourceTree = "<group>";
		};
/* End PBXGroup section */

/* Begin PBXNativeTarget section */
		2D6836841F55879C002F3B18 /* LongPressGestureRecogniser */ = {
			isa = PBXNativeTarget;
			buildConfigurationList = 2D6836971F55879C002F3B18 /* Build configuration list for PBXNativeTarget "LongPressGestureRecogniser" */;
			buildPhases = (
				2D6836811F55879C002F3B18 /* Sources */,
				2D6836821F55879C002F3B18 /* Frameworks */,
				2D6836831F55879C002F3B18 /* Resources */,
			);
			buildRules = (
			);
			dependencies = (
			);
			name = LongPressGestureRecogniser;
			productName = LongPressGestureRecogniser;
			productReference = 2D6836851F55879C002F3B18 /* LongPressGestureRecogniser.app */;
			productType = "com.apple.product-type.application";
		};
/* End PBXNativeTarget section */

/* Begin PBXProject section */
		2D68367D1F55879C002F3B18 /* Project object */ = {
			isa = PBXProject;
			attributes = {
				LastSwiftUpdateCheck = 0830;
				LastUpgradeCheck = 0830;
				ORGANIZATIONNAME = Johnny_L;
				TargetAttributes = {
					2D6836841F55879C002F3B18 = {
						CreatedOnToolsVersion = 8.3.3;
						DevelopmentTeam = 9NNKG45Q2D;
						ProvisioningStyle = Automatic;
					};
				};
			};
			buildConfigurationList = 2D6836801F55879C002F3B18 /* Build configuration list for PBXProject "LongPressGestureRecogniser" */;
			compatibilityVersion = "Xcode 3.2";
			developmentRegion = English;
			hasScannedForEncodings = 0;
			knownRegions = (
				en,
				Base,
			);
			mainGroup = 2D68367C1F55879C002F3B18;
			productRefGroup = 2D6836861F55879C002F3B18 /* Products */;
			projectDirPath = "";
			projectRoot = "";
			targets = (
				2D6836841F55879C002F3B18 /* LongPressGestureRecogniser */,
			);
		};
/* End PBXProject section */

/* Begin PBXResourcesBuildPhase section */
		2D6836831F55879C002F3B18 /* Resources */ = {
			isa = PBXResourcesBuildPhase;
			buildActionMask = 2147483647;
			files = (
				2D6836931F55879C002F3B18 /* LaunchScreen.storyboard in Resources */,
				2D6836901F55879C002F3B18 /* Assets.xcassets in Resources */,
				2D68368E1F55879C002F3B18 /* Main.storyboard in Resources */,
			);
			runOnlyForDeploymentPostprocessing = 0;
		};
/* End PBXResourcesBuildPhase section */

/* Begin PBXSourcesBuildPhase section */
		2D6836811F55879C002F3B18 /* Sources */ = {
			isa = PBXSourcesBuildPhase;
			buildActionMask = 2147483647;
			files = (
				2D68368B1F55879C002F3B18 /* ViewController.swift in Sources */,
				2D6836891F55879C002F3B18 /* AppDelegate.swift in Sources */,
			);
			runOnlyForDeploymentPostprocessing = 0;
		};
/* End PBXSourcesBuildPhase section */

/* Begin PBXVariantGroup section */
		2D68368C1F55879C002F3B18 /* Main.storyboard */ = {
			isa = PBXVariantGroup;
			children = (
				2D68368D1F55879C002F3B18 /* Base */,
			);
			name = Main.storyboard;
			sourceTree = "<group>";
		};
		2D6836911F55879C002F3B18 /* LaunchScreen.storyboard */ = {
			isa = PBXVariantGroup;
			children = (
				2D6836921F55879C002F3B18 /* Base */,
			);
			name = LaunchScreen.storyboard;
			sourceTree = "<group>";
		};
/* End PBXVariantGroup section */

/* Begin XCBuildConfiguration section */
		2D6836951F55879C002F3B18 /* Debug */ = {
			isa = XCBuildConfiguration;
			buildSettings = {
				ALWAYS_SEARCH_USER_PATHS = NO;
				CLANG_ANALYZER_NONNULL = YES;
				CLANG_ANALYZER_NUMBER_OBJECT_CONVERSION = YES_AGGRESSIVE;
				CLANG_CXX_LANGUAGE_STANDARD = "gnu++0x";
				CLANG_CXX_LIBRARY = "libc++";
				CLANG_ENABLE_MODULES = YES;
				CLANG_ENABLE_OBJC_ARC = YES;
				CLANG_WARN_BOOL_CONVERSION = YES;
				CLANG_WARN_CONSTANT_CONVERSION = YES;
				CLANG_WARN_DIRECT_OBJC_ISA_USAGE = YES_ERROR;
				CLANG_WARN_DOCUMENTATION_COMMENTS = YES;
				CLANG_WARN_EMPTY_BODY = YES;
				CLANG_WARN_ENUM_CONVERSION = YES;
				CLANG_WARN_INFINITE_RECURSION = YES;
				CLANG_WARN_INT_CONVERSION = YES;
				CLANG_WARN_OBJC_ROOT_CLASS = YES_ERROR;
				CLANG_WARN_SUSPICIOUS_MOVE = YES;
				CLANG_WARN_UNREACHABLE_CODE = YES;
				CLANG_WARN__DUPLICATE_METHOD_MATCH = YES;
				"CODE_SIGN_IDENTITY[sdk=iphoneos*]" = "iPhone Developer";
				COPY_PHASE_STRIP = NO;
				DEBUG_INFORMATION_FORMAT = dwarf;
				ENABLE_STRICT_OBJC_MSGSEND = YES;
				ENABLE_TESTABILITY = YES;
				GCC_C_LANGUAGE_STANDARD = gnu99;
				GCC_DYNAMIC_NO_PIC = NO;
				GCC_NO_COMMON_BLOCKS = YES;
				GCC_OPTIMIZATION_LEVEL = 0;
				GCC_PREPROCESSOR_DEFINITIONS = (
					"DEBUG=1",
					"$(inherited)",
				);
				GCC_WARN_64_TO_32_BIT_CONVERSION = YES;
				GCC_WARN_ABOUT_RETURN_TYPE = YES_ERROR;
				GCC_WARN_UNDECLARED_SELECTOR = YES;
				GCC_WARN_UNINITIALIZED_AUTOS = YES_AGGRESSIVE;
				GCC_WARN_UNUSED_FUNCTION = YES;
				GCC_WARN_UNUSED_VARIABLE = YES;
				IPHONEOS_DEPLOYMENT_TARGET = 10.3;
				MTL_ENABLE_DEBUG_INFO = YES;
				ONLY_ACTIVE_ARCH = YES;
				SDKROOT = iphoneos;
				SWIFT_ACTIVE_COMPILATION_CONDITIONS = DEBUG;
				SWIFT_OPTIMIZATION_LEVEL = "-Onone";
				TARGETED_DEVICE_FAMILY = "1,2";
			};
			name = Debug;
		};
		2D6836961F55879C002F3B18 /* Release */ = {
			isa = XCBuildConfiguration;
			buildSettings = {
				ALWAYS_SEARCH_USER_PATHS = NO;
				CLANG_ANALYZER_NONNULL = YES;
				CLANG_ANALYZER_NUMBER_OBJECT_CONVERSION = YES_AGGRESSIVE;
				CLANG_CXX_LANGUAGE_STANDARD = "gnu++0x";
				CLANG_CXX_LIBRARY = "libc++";
				CLANG_ENABLE_MODULES = YES;
				CLANG_ENABLE_OBJC_ARC = YES;
				CLANG_WARN_BOOL_CONVERSION = YES;
				CLANG_WARN_CONSTANT_CONVERSION = YES;
				CLANG_WARN_DIRECT_OBJC_ISA_USAGE = YES_ERROR;
				CLANG_WARN_DOCUMENTATION_COMMENTS = YES;
				CLANG_WARN_EMPTY_BODY = YES;
				CLANG_WARN_ENUM_CONVERSION = YES;
				CLANG_WARN_INFINITE_RECURSION = YES;
				CLANG_WARN_INT_CONVERSION = YES;
				CLANG_WARN_OBJC_ROOT_CLASS = YES_ERROR;
				CLANG_WARN_SUSPICIOUS_MOVE = YES;
				CLANG_WARN_UNREACHABLE_CODE = YES;
				CLANG_WARN__DUPLICATE_METHOD_MATCH = YES;
				"CODE_SIGN_IDENTITY[sdk=iphoneos*]" = "iPhone Developer";
				COPY_PHASE_STRIP = NO;
				DEBUG_INFORMATION_FORMAT = "dwarf-with-dsym";
				ENABLE_NS_ASSERTIONS = NO;
				ENABLE_STRICT_OBJC_MSGSEND = YES;
				GCC_C_LANGUAGE_STANDARD = gnu99;
				GCC_NO_COMMON_BLOCKS = YES;
				GCC_WARN_64_TO_32_BIT_CONVERSION = YES;
				GCC_WARN_ABOUT_RETURN_TYPE = YES_ERROR;
				GCC_WARN_UNDECLARED_SELECTOR = YES;
				GCC_WARN_UNINITIALIZED_AUTOS = YES_AGGRESSIVE;
				GCC_WARN_UNUSED_FUNCTION = YES;
				GCC_WARN_UNUSED_VARIABLE = YES;
				IPHONEOS_DEPLOYMENT_TARGET = 10.3;
				MTL_ENABLE_DEBUG_INFO = NO;
				SDKROOT = iphoneos;
				SWIFT_OPTIMIZATION_LEVEL = "-Owholemodule";
				TARGETED_DEVICE_FAMILY = "1,2";
				VALIDATE_PRODUCT = YES;
			};
			name = Release;
		};
		2D6836981F55879C002F3B18 /* Debug */ = {
			isa = XCBuildConfiguration;
			buildSettings = {
				ASSETCATALOG_COMPILER_APPICON_NAME = AppIcon;
				DEVELOPMENT_TEAM = 9NNKG45Q2D;
				INFOPLIST_FILE = LongPressGestureRecogniser/Info.plist;
				LD_RUNPATH_SEARCH_PATHS = "$(inherited) @executable_path/Frameworks";
				PRODUCT_BUNDLE_IDENTIFIER = com.Johnny.PeakAndPop;
				PRODUCT_NAME = "$(TARGET_NAME)";
				SWIFT_VERSION = 3.0;
			};
			name = Debug;
		};
		2D6836991F55879C002F3B18 /* Release */ = {
			isa = XCBuildConfiguration;
			buildSettings = {
				ASSETCATALOG_COMPILER_APPICON_NAME = AppIcon;
				DEVELOPMENT_TEAM = 9NNKG45Q2D;
				INFOPLIST_FILE = LongPressGestureRecogniser/Info.plist;
				LD_RUNPATH_SEARCH_PATHS = "$(inherited) @executable_path/Frameworks";
				PRODUCT_BUNDLE_IDENTIFIER = com.Johnny.PeakAndPop;
				PRODUCT_NAME = "$(TARGET_NAME)";
				SWIFT_VERSION = 3.0;
			};
			name = Release;
		};
/* End XCBuildConfiguration section */

/* Begin XCConfigurationList section */
		2D6836801F55879C002F3B18 /* Build configuration list for PBXProject "LongPressGestureRecogniser" */ = {
			isa = XCConfigurationList;
			buildConfigurations = (
				2D6836951F55879C002F3B18 /* Debug */,
				2D6836961F55879C002F3B18 /* Release */,
			);
			defaultConfigurationIsVisible = 0;
			defaultConfigurationName = Release;
		};
		2D6836971F55879C002F3B18 /* Build configuration list for PBXNativeTarget "LongPressGestureRecogniser" */ = {
			isa = XCConfigurationList;
			buildConfigurations = (
				2D6836981F55879C002F3B18 /* Debug */,
				2D6836991F55879C002F3B18 /* Release */,
			);
			defaultConfigurationIsVisible = 0;
		};
/* End XCConfigurationList section */
	};
	rootObject = 2D68367D1F55879C002F3B18 /* Project object */;
}
