// !$*UTF8*$!
{
	archiveVersion = 1;
	classes = {
	};
	objectVersion = 46;
	objects = {

/* Begin PBXBuildFile section */
		2D7E58D11F4BD4380049C050 /* AppDelegate.swift in Sources */ = {isa = PBXBuildFile; fileRef = 2D7E58D01F4BD4380049C050 /* AppDelegate.swift */; };
		2D7E58D31F4BD4380049C050 /* ViewController.swift in Sources */ = {isa = PBXBuildFile; fileRef = 2D7E58D21F4BD4380049C050 /* ViewController.swift */; };
		2D7E58D61F4BD4380049C050 /* Main.storyboard in Resources */ = {isa = PBXBuildFile; fileRef = 2D7E58D41F4BD4380049C050 /* Main.storyboard */; };
		2D7E58D91F4BD4380049C050 /* JASON_fun.xcdatamodeld in Sources */ = {isa = PBXBuildFile; fileRef = 2D7E58D71F4BD4380049C050 /* JASON_fun.xcdatamodeld */; };
		2D7E58DB1F4BD4380049C050 /* Assets.xcassets in Resources */ = {isa = PBXBuildFile; fileRef = 2D7E58DA1F4BD4380049C050 /* Assets.xcassets */; };
		2D7E58DE1F4BD4380049C050 /* LaunchScreen.storyboard in Resources */ = {isa = PBXBuildFile; fileRef = 2D7E58DC1F4BD4380049C050 /* LaunchScreen.storyboard */; };
/* End PBXBuildFile section */

/* Begin PBXFileReference section */
		2D7E58CD1F4BD4380049C050 /* JASON fun.app */ = {isa = PBXFileReference; explicitFileType = wrapper.application; includeInIndex = 0; path = "JASON fun.app"; sourceTree = BUILT_PRODUCTS_DIR; };
		2D7E58D01F4BD4380049C050 /* AppDelegate.swift */ = {isa = PBXFileReference; lastKnownFileType = sourcecode.swift; path = AppDelegate.swift; sourceTree = "<group>"; };
		2D7E58D21F4BD4380049C050 /* ViewController.swift */ = {isa = PBXFileReference; lastKnownFileType = sourcecode.swift; path = ViewController.swift; sourceTree = "<group>"; };
		2D7E58D51F4BD4380049C050 /* Base */ = {isa = PBXFileReference; lastKnownFileType = file.storyboard; name = Base; path = Base.lproj/Main.storyboard; sourceTree = "<group>"; };
		2D7E58D81F4BD4380049C050 /* JASON_fun.xcdatamodel */ = {isa = PBXFileReference; lastKnownFileType = wrapper.xcdatamodel; path = JASON_fun.xcdatamodel; sourceTree = "<group>"; };
		2D7E58DA1F4BD4380049C050 /* Assets.xcassets */ = {isa = PBXFileReference; lastKnownFileType = folder.assetcatalog; path = Assets.xcassets; sourceTree = "<group>"; };
		2D7E58DD1F4BD4380049C050 /* Base */ = {isa = PBXFileReference; lastKnownFileType = file.storyboard; name = Base; path = Base.lproj/LaunchScreen.storyboard; sourceTree = "<group>"; };
		2D7E58DF1F4BD4380049C050 /* Info.plist */ = {isa = PBXFileReference; lastKnownFileType = text.plist.xml; path = Info.plist; sourceTree = "<group>"; };
/* End PBXFileReference section */

/* Begin PBXFrameworksBuildPhase section */
		2D7E58CA1F4BD4380049C050 /* Frameworks */ = {
			isa = PBXFrameworksBuildPhase;
			buildActionMask = 2147483647;
			files = (
			);
			runOnlyForDeploymentPostprocessing = 0;
		};
/* End PBXFrameworksBuildPhase section */

/* Begin PBXGroup section */
		2D7E58C41F4BD4380049C050 = {
			isa = PBXGroup;
			children = (
				2D7E58CF1F4BD4380049C050 /* JASON fun */,
				2D7E58CE1F4BD4380049C050 /* Products */,
			);
			sourceTree = "<group>";
		};
		2D7E58CE1F4BD4380049C050 /* Products */ = {
			isa = PBXGroup;
			children = (
				2D7E58CD1F4BD4380049C050 /* JASON fun.app */,
			);
			name = Products;
			sourceTree = "<group>";
		};
		2D7E58CF1F4BD4380049C050 /* JASON fun */ = {
			isa = PBXGroup;
			children = (
				2D7E58D01F4BD4380049C050 /* AppDelegate.swift */,
				2D7E58D21F4BD4380049C050 /* ViewController.swift */,
				2D7E58D41F4BD4380049C050 /* Main.storyboard */,
				2D7E58DA1F4BD4380049C050 /* Assets.xcassets */,
				2D7E58DC1F4BD4380049C050 /* LaunchScreen.storyboard */,
				2D7E58DF1F4BD4380049C050 /* Info.plist */,
				2D7E58D71F4BD4380049C050 /* JASON_fun.xcdatamodeld */,
			);
			path = "JASON fun";
			sourceTree = "<group>";
		};
/* End PBXGroup section */

/* Begin PBXNativeTarget section */
		2D7E58CC1F4BD4380049C050 /* JASON fun */ = {
			isa = PBXNativeTarget;
			buildConfigurationList = 2D7E58E21F4BD4380049C050 /* Build configuration list for PBXNativeTarget "JASON fun" */;
			buildPhases = (
				2D7E58C91F4BD4380049C050 /* Sources */,
				2D7E58CA1F4BD4380049C050 /* Frameworks */,
				2D7E58CB1F4BD4380049C050 /* Resources */,
			);
			buildRules = (
			);
			dependencies = (
			);
			name = "JASON fun";
			productName = "JASON fun";
			productReference = 2D7E58CD1F4BD4380049C050 /* JASON fun.app */;
			productType = "com.apple.product-type.application";
		};
/* End PBXNativeTarget section */

/* Begin PBXProject section */
		2D7E58C51F4BD4380049C050 /* Project object */ = {
			isa = PBXProject;
			attributes = {
				LastSwiftUpdateCheck = 0830;
				LastUpgradeCheck = 0830;
				ORGANIZATIONNAME = Johnny_L;
				TargetAttributes = {
					2D7E58CC1F4BD4380049C050 = {
						CreatedOnToolsVersion = 8.3.3;
						DevelopmentTeam = 9NNKG45Q2D;
						ProvisioningStyle = Automatic;
					};
				};
			};
			buildConfigurationList = 2D7E58C81F4BD4380049C050 /* Build configuration list for PBXProject "JASON fun" */;
			compatibilityVersion = "Xcode 3.2";
			developmentRegion = English;
			hasScannedForEncodings = 0;
			knownRegions = (
				en,
				Base,
			);
			mainGroup = 2D7E58C41F4BD4380049C050;
			productRefGroup = 2D7E58CE1F4BD4380049C050 /* Products */;
			projectDirPath = "";
			projectRoot = "";
			targets = (
				2D7E58CC1F4BD4380049C050 /* JASON fun */,
			);
		};
/* End PBXProject section */

/* Begin PBXResourcesBuildPhase section */
		2D7E58CB1F4BD4380049C050 /* Resources */ = {
			isa = PBXResourcesBuildPhase;
			buildActionMask = 2147483647;
			files = (
				2D7E58DE1F4BD4380049C050 /* LaunchScreen.storyboard in Resources */,
				2D7E58DB1F4BD4380049C050 /* Assets.xcassets in Resources */,
				2D7E58D61F4BD4380049C050 /* Main.storyboard in Resources */,
			);
			runOnlyForDeploymentPostprocessing = 0;
		};
/* End PBXResourcesBuildPhase section */

/* Begin PBXSourcesBuildPhase section */
		2D7E58C91F4BD4380049C050 /* Sources */ = {
			isa = PBXSourcesBuildPhase;
			buildActionMask = 2147483647;
			files = (
				2D7E58D91F4BD4380049C050 /* JASON_fun.xcdatamodeld in Sources */,
				2D7E58D31F4BD4380049C050 /* ViewController.swift in Sources */,
				2D7E58D11F4BD4380049C050 /* AppDelegate.swift in Sources */,
			);
			runOnlyForDeploymentPostprocessing = 0;
		};
/* End PBXSourcesBuildPhase section */

/* Begin PBXVariantGroup section */
		2D7E58D41F4BD4380049C050 /* Main.storyboard */ = {
			isa = PBXVariantGroup;
			children = (
				2D7E58D51F4BD4380049C050 /* Base */,
			);
			name = Main.storyboard;
			sourceTree = "<group>";
		};
		2D7E58DC1F4BD4380049C050 /* LaunchScreen.storyboard */ = {
			isa = PBXVariantGroup;
			children = (
				2D7E58DD1F4BD4380049C050 /* Base */,
			);
			name = LaunchScreen.storyboard;
			sourceTree = "<group>";
		};
/* End PBXVariantGroup section */

/* Begin XCBuildConfiguration section */
		2D7E58E01F4BD4380049C050 /* Debug */ = {
			isa = XCBuildConfiguration;
			buildSettings = {
				ALWAYS_SEARCH_USER_PATHS = NO;
				CLANG_ANALYZER_NONNULL = YES;
				CLANG_ANALYZER_NUMBER_OBJECT_CONVERSION = YES_AGGRESSIVE;
				CLANG_CXX_LANGUAGE_STANDARD = "gnu++0x";
				CLANG_CXX_LIBRARY = "libc++";
				CLANG_ENABLE_MODULES = YES;
				CLANG_ENABLE_OBJC_ARC = YES;
				CLANG_WARN_BOOL_CONVERSION = YES;
				CLANG_WARN_CONSTANT_CONVERSION = YES;
				CLANG_WARN_DIRECT_OBJC_ISA_USAGE = YES_ERROR;
				CLANG_WARN_DOCUMENTATION_COMMENTS = YES;
				CLANG_WARN_EMPTY_BODY = YES;
				CLANG_WARN_ENUM_CONVERSION = YES;
				CLANG_WARN_INFINITE_RECURSION = YES;
				CLANG_WARN_INT_CONVERSION = YES;
				CLANG_WARN_OBJC_ROOT_CLASS = YES_ERROR;
				CLANG_WARN_SUSPICIOUS_MOVE = YES;
				CLANG_WARN_UNREACHABLE_CODE = YES;
				CLANG_WARN__DUPLICATE_METHOD_MATCH = YES;
				"CODE_SIGN_IDENTITY[sdk=iphoneos*]" = "iPhone Developer";
				COPY_PHASE_STRIP = NO;
				DEBUG_INFORMATION_FORMAT = dwarf;
				ENABLE_STRICT_OBJC_MSGSEND = YES;
				ENABLE_TESTABILITY = YES;
				GCC_C_LANGUAGE_STANDARD = gnu99;
				GCC_DYNAMIC_NO_PIC = NO;
				GCC_NO_COMMON_BLOCKS = YES;
				GCC_OPTIMIZATION_LEVEL = 0;
				GCC_PREPROCESSOR_DEFINITIONS = (
					"DEBUG=1",
					"$(inherited)",
				);
				GCC_WARN_64_TO_32_BIT_CONVERSION = YES;
				GCC_WARN_ABOUT_RETURN_TYPE = YES_ERROR;
				GCC_WARN_UNDECLARED_SELECTOR = YES;
				GCC_WARN_UNINITIALIZED_AUTOS = YES_AGGRESSIVE;
				GCC_WARN_UNUSED_FUNCTION = YES;
				GCC_WARN_UNUSED_VARIABLE = YES;
				IPHONEOS_DEPLOYMENT_TARGET = 10.3;
				MTL_ENABLE_DEBUG_INFO = YES;
				ONLY_ACTIVE_ARCH = YES;
				SDKROOT = iphoneos;
				SWIFT_ACTIVE_COMPILATION_CONDITIONS = DEBUG;
				SWIFT_OPTIMIZATION_LEVEL = "-Onone";
				TARGETED_DEVICE_FAMILY = "1,2";
			};
			name = Debug;
		};
		2D7E58E11F4BD4380049C050 /* Release */ = {
			isa = XCBuildConfiguration;
			buildSettings = {
				ALWAYS_SEARCH_USER_PATHS = NO;
				CLANG_ANALYZER_NONNULL = YES;
				CLANG_ANALYZER_NUMBER_OBJECT_CONVERSION = YES_AGGRESSIVE;
				CLANG_CXX_LANGUAGE_STANDARD = "gnu++0x";
				CLANG_CXX_LIBRARY = "libc++";
				CLANG_ENABLE_MODULES = YES;
				CLANG_ENABLE_OBJC_ARC = YES;
				CLANG_WARN_BOOL_CONVERSION = YES;
				CLANG_WARN_CONSTANT_CONVERSION = YES;
				CLANG_WARN_DIRECT_OBJC_ISA_USAGE = YES_ERROR;
				CLANG_WARN_DOCUMENTATION_COMMENTS = YES;
				CLANG_WARN_EMPTY_BODY = YES;
				CLANG_WARN_ENUM_CONVERSION = YES;
				CLANG_WARN_INFINITE_RECURSION = YES;
				CLANG_WARN_INT_CONVERSION = YES;
				CLANG_WARN_OBJC_ROOT_CLASS = YES_ERROR;
				CLANG_WARN_SUSPICIOUS_MOVE = YES;
				CLANG_WARN_UNREACHABLE_CODE = YES;
				CLANG_WARN__DUPLICATE_METHOD_MATCH = YES;
				"CODE_SIGN_IDENTITY[sdk=iphoneos*]" = "iPhone Developer";
				COPY_PHASE_STRIP = NO;
				DEBUG_INFORMATION_FORMAT = "dwarf-with-dsym";
				ENABLE_NS_ASSERTIONS = NO;
				ENABLE_STRICT_OBJC_MSGSEND = YES;
				GCC_C_LANGUAGE_STANDARD = gnu99;
				GCC_NO_COMMON_BLOCKS = YES;
				GCC_WARN_64_TO_32_BIT_CONVERSION = YES;
				GCC_WARN_ABOUT_RETURN_TYPE = YES_ERROR;
				GCC_WARN_UNDECLARED_SELECTOR = YES;
				GCC_WARN_UNINITIALIZED_AUTOS = YES_AGGRESSIVE;
				GCC_WARN_UNUSED_FUNCTION = YES;
				GCC_WARN_UNUSED_VARIABLE = YES;
				IPHONEOS_DEPLOYMENT_TARGET = 10.3;
				MTL_ENABLE_DEBUG_INFO = NO;
				SDKROOT = iphoneos;
				SWIFT_OPTIMIZATION_LEVEL = "-Owholemodule";
				TARGETED_DEVICE_FAMILY = "1,2";
				VALIDATE_PRODUCT = YES;
			};
			name = Release;
		};
		2D7E58E31F4BD4380049C050 /* Debug */ = {
			isa = XCBuildConfiguration;
			buildSettings = {
				ASSETCATALOG_COMPILER_APPICON_NAME = AppIcon;
				DEVELOPMENT_TEAM = 9NNKG45Q2D;
				INFOPLIST_FILE = "JASON fun/Info.plist";
				LD_RUNPATH_SEARCH_PATHS = "$(inherited) @executable_path/Frameworks";
				PRODUCT_BUNDLE_IDENTIFIER = "com.Johnny.JASON-fun";
				PRODUCT_NAME = "$(TARGET_NAME)";
				SWIFT_VERSION = 3.0;
			};
			name = Debug;
		};
		2D7E58E41F4BD4380049C050 /* Release */ = {
			isa = XCBuildConfiguration;
			buildSettings = {
				ASSETCATALOG_COMPILER_APPICON_NAME = AppIcon;
				DEVELOPMENT_TEAM = 9NNKG45Q2D;
				INFOPLIST_FILE = "JASON fun/Info.plist";
				LD_RUNPATH_SEARCH_PATHS = "$(inherited) @executable_path/Frameworks";
				PRODUCT_BUNDLE_IDENTIFIER = "com.Johnny.JASON-fun";
				PRODUCT_NAME = "$(TARGET_NAME)";
				SWIFT_VERSION = 3.0;
			};
			name = Release;
		};
/* End XCBuildConfiguration section */

/* Begin XCConfigurationList section */
		2D7E58C81F4BD4380049C050 /* Build configuration list for PBXProject "JASON fun" */ = {
			isa = XCConfigurationList;
			buildConfigurations = (
				2D7E58E01F4BD4380049C050 /* Debug */,
				2D7E58E11F4BD4380049C050 /* Release */,
			);
			defaultConfigurationIsVisible = 0;
			defaultConfigurationName = Release;
		};
		2D7E58E21F4BD4380049C050 /* Build configuration list for PBXNativeTarget "JASON fun" */ = {
			isa = XCConfigurationList;
			buildConfigurations = (
				2D7E58E31F4BD4380049C050 /* Debug */,
				2D7E58E41F4BD4380049C050 /* Release */,
			);
			defaultConfigurationIsVisible = 0;
		};
/* End XCConfigurationList section */

/* Begin XCVersionGroup section */
		2D7E58D71F4BD4380049C050 /* JASON_fun.xcdatamodeld */ = {
			isa = XCVersionGroup;
			children = (
				2D7E58D81F4BD4380049C050 /* JASON_fun.xcdatamodel */,
			);
			currentVersion = 2D7E58D81F4BD4380049C050 /* JASON_fun.xcdatamodel */;
			path = JASON_fun.xcdatamodeld;
			sourceTree = "<group>";
			versionGroupType = wrapper.xcdatamodel;
		};
/* End XCVersionGroup section */
	};
	rootObject = 2D7E58C51F4BD4380049C050 /* Project object */;
}
