// !$*UTF8*$!
{
	archiveVersion = 1;
	classes = {
	};
	objectVersion = 46;
	objects = {

/* Begin PBXBuildFile section */
		2D6DA8891F56D1A70069DF35 /* AppDelegate.swift in Sources */ = {isa = PBXBuildFile; fileRef = 2D6DA8881F56D1A70069DF35 /* AppDelegate.swift */; };
		2D6DA88B1F56D1A70069DF35 /* ViewController.swift in Sources */ = {isa = PBXBuildFile; fileRef = 2D6DA88A1F56D1A70069DF35 /* ViewController.swift */; };
		2D6DA88E1F56D1A70069DF35 /* Main.storyboard in Resources */ = {isa = PBXBuildFile; fileRef = 2D6DA88C1F56D1A70069DF35 /* Main.storyboard */; };
		2D6DA8901F56D1A70069DF35 /* Assets.xcassets in Resources */ = {isa = PBXBuildFile; fileRef = 2D6DA88F1F56D1A70069DF35 /* Assets.xcassets */; };
		2D6DA8931F56D1A70069DF35 /* LaunchScreen.storyboard in Resources */ = {isa = PBXBuildFile; fileRef = 2D6DA8911F56D1A70069DF35 /* LaunchScreen.storyboard */; };
		2D6DA89B1F56D2C90069DF35 /* ViewController2.swift in Sources */ = {isa = PBXBuildFile; fileRef = 2D6DA89A1F56D2C90069DF35 /* ViewController2.swift */; };
/* End PBXBuildFile section */

/* Begin PBXFileReference section */
		2D6DA8851F56D1A70069DF35 /* swipe.app */ = {isa = PBXFileReference; explicitFileType = wrapper.application; includeInIndex = 0; path = swipe.app; sourceTree = BUILT_PRODUCTS_DIR; };
		2D6DA8881F56D1A70069DF35 /* AppDelegate.swift */ = {isa = PBXFileReference; lastKnownFileType = sourcecode.swift; path = AppDelegate.swift; sourceTree = "<group>"; };
		2D6DA88A1F56D1A70069DF35 /* ViewController.swift */ = {isa = PBXFileReference; lastKnownFileType = sourcecode.swift; path = ViewController.swift; sourceTree = "<group>"; };
		2D6DA88D1F56D1A70069DF35 /* Base */ = {isa = PBXFileReference; lastKnownFileType = file.storyboard; name = Base; path = Base.lproj/Main.storyboard; sourceTree = "<group>"; };
		2D6DA88F1F56D1A70069DF35 /* Assets.xcassets */ = {isa = PBXFileReference; lastKnownFileType = folder.assetcatalog; path = Assets.xcassets; sourceTree = "<group>"; };
		2D6DA8921F56D1A70069DF35 /* Base */ = {isa = PBXFileReference; lastKnownFileType = file.storyboard; name = Base; path = Base.lproj/LaunchScreen.storyboard; sourceTree = "<group>"; };
		2D6DA8941F56D1A70069DF35 /* Info.plist */ = {isa = PBXFileReference; lastKnownFileType = text.plist.xml; path = Info.plist; sourceTree = "<group>"; };
		2D6DA89A1F56D2C90069DF35 /* ViewController2.swift */ = {isa = PBXFileReference; fileEncoding = 4; lastKnownFileType = sourcecode.swift; path = ViewController2.swift; sourceTree = "<group>"; };
/* End PBXFileReference section */

/* Begin PBXFrameworksBuildPhase section */
		2D6DA8821F56D1A70069DF35 /* Frameworks */ = {
			isa = PBXFrameworksBuildPhase;
			buildActionMask = 2147483647;
			files = (
			);
			runOnlyForDeploymentPostprocessing = 0;
		};
/* End PBXFrameworksBuildPhase section */

/* Begin PBXGroup section */
		2D6DA87C1F56D1A70069DF35 = {
			isa = PBXGroup;
			children = (
				2D6DA8871F56D1A70069DF35 /* swipe */,
				2D6DA8861F56D1A70069DF35 /* Products */,
			);
			sourceTree = "<group>";
		};
		2D6DA8861F56D1A70069DF35 /* Products */ = {
			isa = PBXGroup;
			children = (
				2D6DA8851F56D1A70069DF35 /* swipe.app */,
			);
			name = Products;
			sourceTree = "<group>";
		};
		2D6DA8871F56D1A70069DF35 /* swipe */ = {
			isa = PBXGroup;
			children = (
				2D6DA8881F56D1A70069DF35 /* AppDelegate.swift */,
				2D6DA88A1F56D1A70069DF35 /* ViewController.swift */,
				2D6DA89A1F56D2C90069DF35 /* ViewController2.swift */,
				2D6DA88C1F56D1A70069DF35 /* Main.storyboard */,
				2D6DA88F1F56D1A70069DF35 /* Assets.xcassets */,
				2D6DA8911F56D1A70069DF35 /* LaunchScreen.storyboard */,
				2D6DA8941F56D1A70069DF35 /* Info.plist */,
			);
			path = swipe;
			sourceTree = "<group>";
		};
/* End PBXGroup section */

/* Begin PBXNativeTarget section */
		2D6DA8841F56D1A70069DF35 /* swipe */ = {
			isa = PBXNativeTarget;
			buildConfigurationList = 2D6DA8971F56D1A70069DF35 /* Build configuration list for PBXNativeTarget "swipe" */;
			buildPhases = (
				2D6DA8811F56D1A70069DF35 /* Sources */,
				2D6DA8821F56D1A70069DF35 /* Frameworks */,
				2D6DA8831F56D1A70069DF35 /* Resources */,
			);
			buildRules = (
			);
			dependencies = (
			);
			name = swipe;
			productName = swipe;
			productReference = 2D6DA8851F56D1A70069DF35 /* swipe.app */;
			productType = "com.apple.product-type.application";
		};
/* End PBXNativeTarget section */

/* Begin PBXProject section */
		2D6DA87D1F56D1A70069DF35 /* Project object */ = {
			isa = PBXProject;
			attributes = {
				LastSwiftUpdateCheck = 0830;
				LastUpgradeCheck = 0830;
				ORGANIZATIONNAME = Johnny_L;
				TargetAttributes = {
					2D6DA8841F56D1A70069DF35 = {
						CreatedOnToolsVersion = 8.3.3;
						DevelopmentTeam = 9NNKG45Q2D;
						ProvisioningStyle = Automatic;
					};
				};
			};
			buildConfigurationList = 2D6DA8801F56D1A70069DF35 /* Build configuration list for PBXProject "swipe" */;
			compatibilityVersion = "Xcode 3.2";
			developmentRegion = English;
			hasScannedForEncodings = 0;
			knownRegions = (
				en,
				Base,
			);
			mainGroup = 2D6DA87C1F56D1A70069DF35;
			productRefGroup = 2D6DA8861F56D1A70069DF35 /* Products */;
			projectDirPath = "";
			projectRoot = "";
			targets = (
				2D6DA8841F56D1A70069DF35 /* swipe */,
			);
		};
/* End PBXProject section */

/* Begin PBXResourcesBuildPhase section */
		2D6DA8831F56D1A70069DF35 /* Resources */ = {
			isa = PBXResourcesBuildPhase;
			buildActionMask = 2147483647;
			files = (
				2D6DA8931F56D1A70069DF35 /* LaunchScreen.storyboard in Resources */,
				2D6DA8901F56D1A70069DF35 /* Assets.xcassets in Resources */,
				2D6DA88E1F56D1A70069DF35 /* Main.storyboard in Resources */,
			);
			runOnlyForDeploymentPostprocessing = 0;
		};
/* End PBXResourcesBuildPhase section */

/* Begin PBXSourcesBuildPhase section */
		2D6DA8811F56D1A70069DF35 /* Sources */ = {
			isa = PBXSourcesBuildPhase;
			buildActionMask = 2147483647;
			files = (
				2D6DA88B1F56D1A70069DF35 /* ViewController.swift in Sources */,
				2D6DA8891F56D1A70069DF35 /* AppDelegate.swift in Sources */,
				2D6DA89B1F56D2C90069DF35 /* ViewController2.swift in Sources */,
			);
			runOnlyForDeploymentPostprocessing = 0;
		};
/* End PBXSourcesBuildPhase section */

/* Begin PBXVariantGroup section */
		2D6DA88C1F56D1A70069DF35 /* Main.storyboard */ = {
			isa = PBXVariantGroup;
			children = (
				2D6DA88D1F56D1A70069DF35 /* Base */,
			);
			name = Main.storyboard;
			sourceTree = "<group>";
		};
		2D6DA8911F56D1A70069DF35 /* LaunchScreen.storyboard */ = {
			isa = PBXVariantGroup;
			children = (
				2D6DA8921F56D1A70069DF35 /* Base */,
			);
			name = LaunchScreen.storyboard;
			sourceTree = "<group>";
		};
/* End PBXVariantGroup section */

/* Begin XCBuildConfiguration section */
		2D6DA8951F56D1A70069DF35 /* Debug */ = {
			isa = XCBuildConfiguration;
			buildSettings = {
				ALWAYS_SEARCH_USER_PATHS = NO;
				CLANG_ANALYZER_NONNULL = YES;
				CLANG_ANALYZER_NUMBER_OBJECT_CONVERSION = YES_AGGRESSIVE;
				CLANG_CXX_LANGUAGE_STANDARD = "gnu++0x";
				CLANG_CXX_LIBRARY = "libc++";
				CLANG_ENABLE_MODULES = YES;
				CLANG_ENABLE_OBJC_ARC = YES;
				CLANG_WARN_BOOL_CONVERSION = YES;
				CLANG_WARN_CONSTANT_CONVERSION = YES;
				CLANG_WARN_DIRECT_OBJC_ISA_USAGE = YES_ERROR;
				CLANG_WARN_DOCUMENTATION_COMMENTS = YES;
				CLANG_WARN_EMPTY_BODY = YES;
				CLANG_WARN_ENUM_CONVERSION = YES;
				CLANG_WARN_INFINITE_RECURSION = YES;
				CLANG_WARN_INT_CONVERSION = YES;
				CLANG_WARN_OBJC_ROOT_CLASS = YES_ERROR;
				CLANG_WARN_SUSPICIOUS_MOVE = YES;
				CLANG_WARN_UNREACHABLE_CODE = YES;
				CLANG_WARN__DUPLICATE_METHOD_MATCH = YES;
				"CODE_SIGN_IDENTITY[sdk=iphoneos*]" = "iPhone Developer";
				COPY_PHASE_STRIP = NO;
				DEBUG_INFORMATION_FORMAT = dwarf;
				ENABLE_STRICT_OBJC_MSGSEND = YES;
				ENABLE_TESTABILITY = YES;
				GCC_C_LANGUAGE_STANDARD = gnu99;
				GCC_DYNAMIC_NO_PIC = NO;
				GCC_NO_COMMON_BLOCKS = YES;
				GCC_OPTIMIZATION_LEVEL = 0;
				GCC_PREPROCESSOR_DEFINITIONS = (
					"DEBUG=1",
					"$(inherited)",
				);
				GCC_WARN_64_TO_32_BIT_CONVERSION = YES;
				GCC_WARN_ABOUT_RETURN_TYPE = YES_ERROR;
				GCC_WARN_UNDECLARED_SELECTOR = YES;
				GCC_WARN_UNINITIALIZED_AUTOS = YES_AGGRESSIVE;
				GCC_WARN_UNUSED_FUNCTION = YES;
				GCC_WARN_UNUSED_VARIABLE = YES;
				IPHONEOS_DEPLOYMENT_TARGET = 10.3;
				MTL_ENABLE_DEBUG_INFO = YES;
				ONLY_ACTIVE_ARCH = YES;
				SDKROOT = iphoneos;
				SWIFT_ACTIVE_COMPILATION_CONDITIONS = DEBUG;
				SWIFT_OPTIMIZATION_LEVEL = "-Onone";
				TARGETED_DEVICE_FAMILY = "1,2";
			};
			name = Debug;
		};
		2D6DA8961F56D1A70069DF35 /* Release */ = {
			isa = XCBuildConfiguration;
			buildSettings = {
				ALWAYS_SEARCH_USER_PATHS = NO;
				CLANG_ANALYZER_NONNULL = YES;
				CLANG_ANALYZER_NUMBER_OBJECT_CONVERSION = YES_AGGRESSIVE;
				CLANG_CXX_LANGUAGE_STANDARD = "gnu++0x";
				CLANG_CXX_LIBRARY = "libc++";
				CLANG_ENABLE_MODULES = YES;
				CLANG_ENABLE_OBJC_ARC = YES;
				CLANG_WARN_BOOL_CONVERSION = YES;
				CLANG_WARN_CONSTANT_CONVERSION = YES;
				CLANG_WARN_DIRECT_OBJC_ISA_USAGE = YES_ERROR;
				CLANG_WARN_DOCUMENTATION_COMMENTS = YES;
				CLANG_WARN_EMPTY_BODY = YES;
				CLANG_WARN_ENUM_CONVERSION = YES;
				CLANG_WARN_INFINITE_RECURSION = YES;
				CLANG_WARN_INT_CONVERSION = YES;
				CLANG_WARN_OBJC_ROOT_CLASS = YES_ERROR;
				CLANG_WARN_SUSPICIOUS_MOVE = YES;
				CLANG_WARN_UNREACHABLE_CODE = YES;
				CLANG_WARN__DUPLICATE_METHOD_MATCH = YES;
				"CODE_SIGN_IDENTITY[sdk=iphoneos*]" = "iPhone Developer";
				COPY_PHASE_STRIP = NO;
				DEBUG_INFORMATION_FORMAT = "dwarf-with-dsym";
				ENABLE_NS_ASSERTIONS = NO;
				ENABLE_STRICT_OBJC_MSGSEND = YES;
				GCC_C_LANGUAGE_STANDARD = gnu99;
				GCC_NO_COMMON_BLOCKS = YES;
				GCC_WARN_64_TO_32_BIT_CONVERSION = YES;
				GCC_WARN_ABOUT_RETURN_TYPE = YES_ERROR;
				GCC_WARN_UNDECLARED_SELECTOR = YES;
				GCC_WARN_UNINITIALIZED_AUTOS = YES_AGGRESSIVE;
				GCC_WARN_UNUSED_FUNCTION = YES;
				GCC_WARN_UNUSED_VARIABLE = YES;
				IPHONEOS_DEPLOYMENT_TARGET = 10.3;
				MTL_ENABLE_DEBUG_INFO = NO;
				SDKROOT = iphoneos;
				SWIFT_OPTIMIZATION_LEVEL = "-Owholemodule";
				TARGETED_DEVICE_FAMILY = "1,2";
				VALIDATE_PRODUCT = YES;
			};
			name = Release;
		};
		2D6DA8981F56D1A70069DF35 /* Debug */ = {
			isa = XCBuildConfiguration;
			buildSettings = {
				ASSETCATALOG_COMPILER_APPICON_NAME = AppIcon;
				DEVELOPMENT_TEAM = 9NNKG45Q2D;
				INFOPLIST_FILE = swipe/Info.plist;
				LD_RUNPATH_SEARCH_PATHS = "$(inherited) @executable_path/Frameworks";
				PRODUCT_BUNDLE_IDENTIFIER = com.Johnny.swipe;
				PRODUCT_NAME = "$(TARGET_NAME)";
				SWIFT_VERSION = 3.0;
			};
			name = Debug;
		};
		2D6DA8991F56D1A70069DF35 /* Release */ = {
			isa = XCBuildConfiguration;
			buildSettings = {
				ASSETCATALOG_COMPILER_APPICON_NAME = AppIcon;
				DEVELOPMENT_TEAM = 9NNKG45Q2D;
				INFOPLIST_FILE = swipe/Info.plist;
				LD_RUNPATH_SEARCH_PATHS = "$(inherited) @executable_path/Frameworks";
				PRODUCT_BUNDLE_IDENTIFIER = com.Johnny.swipe;
				PRODUCT_NAME = "$(TARGET_NAME)";
				SWIFT_VERSION = 3.0;
			};
			name = Release;
		};
/* End XCBuildConfiguration section */

/* Begin XCConfigurationList section */
		2D6DA8801F56D1A70069DF35 /* Build configuration list for PBXProject "swipe" */ = {
			isa = XCConfigurationList;
			buildConfigurations = (
				2D6DA8951F56D1A70069DF35 /* Debug */,
				2D6DA8961F56D1A70069DF35 /* Release */,
			);
			defaultConfigurationIsVisible = 0;
			defaultConfigurationName = Release;
		};
		2D6DA8971F56D1A70069DF35 /* Build configuration list for PBXNativeTarget "swipe" */ = {
			isa = XCConfigurationList;
			buildConfigurations = (
				2D6DA8981F56D1A70069DF35 /* Debug */,
				2D6DA8991F56D1A70069DF35 /* Release */,
			);
			defaultConfigurationIsVisible = 0;
		};
/* End XCConfigurationList section */
	};
	rootObject = 2D6DA87D1F56D1A70069DF35 /* Project object */;
}
